
Microsoft Visual Studio Solution File, Format Version 12.00
# Visual Studio Version 16
VisualStudioVersion = 16.0.30320.27
MinimumVisualStudioVersion = 15.0.26124.0
Project("{2150E333-8FDC-42A3-9474-1A3956D46DE8}") = "Presentation", "Presentation", "{B1128906-8BB0-47B9-9FA0-2D1929CDAA20}"
EndProject
Project("{2150E333-8FDC-42A3-9474-1A3956D46DE8}") = "Application", "Application", "{0351B039-4A5E-49BD-8158-5D1AE7ABE97A}"
EndProject
Project("{2150E333-8FDC-42A3-9474-1A3956D46DE8}") = "Domain", "Domain", "{77B4C1DC-9D42-4EB5-9786-2525DF436845}"
EndProject
Project("{2150E333-8FDC-42A3-9474-1A3956D46DE8}") = "Infrastructure", "Infrastructure", "{87415989-F4A5-4B0D-916A-2D5CE89FEA04}"
EndProject
Project("{2150E333-8FDC-42A3-9474-1A3956D46DE8}") = "Test", "Test", "{80359CC7-A40A-4139-8655-11FB5FCE0939}"
EndProject
Project("{9A19103F-16F7-4668-BE54-9A1E7A4F7556}") = "rcManagerTests", "Test\rcManagerTests\rcManagerTests.csproj", "{525B32F9-7355-4D31-8050-A98DAE49F198}"
EndProject
Project("{2150E333-8FDC-42A3-9474-1A3956D46DE8}") = "User", "User", "{427F68DB-88F5-4F66-BA6F-FE3712093884}"
EndProject
Project("{2150E333-8FDC-42A3-9474-1A3956D46DE8}") = "User", "User", "{DB801372-A7A1-43F2-B374-4C7E61623A73}"
EndProject
Project("{2150E333-8FDC-42A3-9474-1A3956D46DE8}") = "System", "System", "{10E3E459-3554-455E-A1CB-A81646834342}"
EndProject
Project("{2150E333-8FDC-42A3-9474-1A3956D46DE8}") = "Permission", "Permission", "{49D0EB4C-C8BC-461E-8CCF-D0B7C66C4898}"
EndProject
Project("{2150E333-8FDC-42A3-9474-1A3956D46DE8}") = "Api", "Api", "{3B729129-7FAF-4480-AC28-3C9757128032}"
EndProject
Project("{2150E333-8FDC-42A3-9474-1A3956D46DE8}") = "Repository", "Repository", "{DBD3422E-02B1-4CC3-9631-71191ACE1F48}"
EndProject
Project("{2150E333-8FDC-42A3-9474-1A3956D46DE8}") = "Utils", "Utils", "{1E5B3A28-CDBF-4216-9B40-A9B3CA31F14A}"
EndProject
Project("{9A19103F-16F7-4668-BE54-9A1E7A4F7556}") = "rcManagerUserApplication", "Application\User\rcManagerUserApplication\rcManagerUserApplication.csproj", "{AA9DBC34-EF26-4991-8C51-3D33B8740E6C}"
EndProject
Project("{9A19103F-16F7-4668-BE54-9A1E7A4F7556}") = "rcManagerApi", "Application\Api\rcManagerApi\rcManagerApi.csproj", "{C9840250-2BDE-4E6E-A629-6A6539A2E32E}"
EndProject
Project("{9A19103F-16F7-4668-BE54-9A1E7A4F7556}") = "rcManagerPermissionApplication", "Application\Permission\rcManagerPermissionApplication\rcManagerPermissionApplication.csproj", "{89A905B0-D130-4EE8-B2D3-FDC76ADCE6BA}"
EndProject
Project("{9A19103F-16F7-4668-BE54-9A1E7A4F7556}") = "rcManagerSystemApplication", "Application\System\rcManagerSystemApplication\rcManagerSystemApplication.csproj", "{208F0D95-FB6B-4247-BC44-BDB22B3A8019}"
EndProject
Project("{2150E333-8FDC-42A3-9474-1A3956D46DE8}") = "Base", "Base", "{E2BE277C-AA6B-4492-BB46-81E1BB0185CB}"
EndProject
Project("{2150E333-8FDC-42A3-9474-1A3956D46DE8}") = "System", "System", "{E8048848-2F66-4D76-8B6D-08249DC7A386}"
EndProject
Project("{2150E333-8FDC-42A3-9474-1A3956D46DE8}") = "Permission", "Permission", "{DFFD6F7D-450D-4FC5-B227-F7048731DECD}"
EndProject
Project("{2150E333-8FDC-42A3-9474-1A3956D46DE8}") = "Web", "Web", "{E7E34C83-FE4D-42EF-8422-859DBA666103}"
EndProject
Project("{9A19103F-16F7-4668-BE54-9A1E7A4F7556}") = "rcManagerApplicationBase", "Application\Base\rcManagerApplicationBase\rcManagerApplicationBase.csproj", "{46DE4B01-4AB3-434A-8BB3-9C6113887D96}"
EndProject
Project("{9A19103F-16F7-4668-BE54-9A1E7A4F7556}") = "rcManagerPermissionDomain", "Domain\Permission\rcManagerPermissionDomain\rcManagerPermissionDomain.csproj", "{E5BE5076-41F3-4926-AFB3-A890A7B2652B}"
EndProject
Project("{9A19103F-16F7-4668-BE54-9A1E7A4F7556}") = "rcManagerSystemDomain", "Domain\System\rcManagerSystemDomain\rcManagerSystemDomain.csproj", "{F898F903-7790-4FBD-B8B7-F90DBB104721}"
EndProject
Project("{9A19103F-16F7-4668-BE54-9A1E7A4F7556}") = "rcManagerUserDomain", "Domain\User\rcManagerUserDomain\rcManagerUserDomain.csproj", "{DC6927D0-F9D6-4635-9111-A71C17D2626D}"
EndProject
Project("{2150E333-8FDC-42A3-9474-1A3956D46DE8}") = "Cryptography", "Cryptography", "{9BA7A698-CAD3-4171-B31E-2BB152DE0010}"
EndProject
Project("{2150E333-8FDC-42A3-9474-1A3956D46DE8}") = "Database", "Database", "{FC7CEFC5-F4AE-43D6-BD6A-74114C996B9B}"
EndProject
Project("{9A19103F-16F7-4668-BE54-9A1E7A4F7556}") = "rcCryptography", "Infrastructure\Cryptography\rcManagerCrypto\rcCryptography.csproj", "{CC3666F4-89D3-4ED8-BBF4-7794E98B6087}"
EndProject
Project("{9A19103F-16F7-4668-BE54-9A1E7A4F7556}") = "rcManagerMigrations", "Infrastructure\Database\rcManagerMigrations\rcManagerMigrations.csproj", "{945660E8-7C17-4AC9-B53C-629AD0955C26}"
EndProject
Project("{9A19103F-16F7-4668-BE54-9A1E7A4F7556}") = "rcManagerUtils", "Infrastructure\Utils\rcManagerUtils\rcManagerUtils.csproj", "{F36A5C2C-D7A0-4021-A0EE-4E35AC7592AD}"
EndProject
Project("{9A19103F-16F7-4668-BE54-9A1E7A4F7556}") = "rcDbSqlServerEF", "Infrastructure\Database\rcDbSqlServerEF\rcDbSqlServerEF.csproj", "{ACE5176E-112E-4905-A494-D43845C4AAC8}"
EndProject
Project("{2150E333-8FDC-42A3-9474-1A3956D46DE8}") = "Permission", "Permission", "{6BC4C565-1168-487A-B93E-7618DC57F5F4}"
EndProject
Project("{2150E333-8FDC-42A3-9474-1A3956D46DE8}") = "System", "System", "{74023329-CAAB-402D-B4C4-3F2A02710E96}"
EndProject
Project("{2150E333-8FDC-42A3-9474-1A3956D46DE8}") = "User", "User", "{E9C5D4C3-DEED-4ACB-9273-87CBED1401F4}"
EndProject
Project("{9A19103F-16F7-4668-BE54-9A1E7A4F7556}") = "rcManagerUserRepository", "Infrastructure\Repository\User\rcManagerUserRepository\rcManagerUserRepository.csproj", "{E50F97AF-7AF8-444A-851D-BE44650DF5B7}"
EndProject
Project("{9A19103F-16F7-4668-BE54-9A1E7A4F7556}") = "rcManagerPermissionRepository", "Infrastructure\Repository\Permission\rcManagerPermissionRepository\rcManagerPermissionRepository.csproj", "{6DCC4E14-6584-4130-9739-B20C935CF846}"
EndProject
Project("{9A19103F-16F7-4668-BE54-9A1E7A4F7556}") = "rcManagerSystemRepository", "Infrastructure\Repository\System\rcManagerSystemRepository\rcManagerSystemRepository.csproj", "{D03AB52D-B13F-4438-A328-1E79DE166206}"
EndProject
Project("{9A19103F-16F7-4668-BE54-9A1E7A4F7556}") = "rcManagerUserApi", "Application\User\rcManagerUserApi\rcManagerUserApi.csproj", "{4F6E3B00-AFF7-42CD-9410-0B9A244210C8}"
EndProject
Project("{9A19103F-16F7-4668-BE54-9A1E7A4F7556}") = "rcManagerSystemApi", "Application\System\rcManagerSystemApi\rcManagerSystemApi.csproj", "{3634FF4A-9DF0-4082-A93F-DE162A846C03}"
EndProject
Project("{9A19103F-16F7-4668-BE54-9A1E7A4F7556}") = "rcManagerPermissionApi", "Application\Permission\rcManagerPermissionApi\rcManagerPermissionApi.csproj", "{36907E0C-754E-4C0C-994C-0891EFC16F89}"
EndProject
Project("{2150E333-8FDC-42A3-9474-1A3956D46DE8}") = "Base", "Base", "{26704F85-982F-4EF8-B168-A7751912BEDE}"
EndProject
Project("{9A19103F-16F7-4668-BE54-9A1E7A4F7556}") = "rcManagerDomainBase", "Domain\Base\rcManagerDomainBase\rcManagerDomainBase.csproj", "{B1A0B86D-1039-4853-826E-B7067C2903A9}"
EndProject
Global
	GlobalSection(SolutionConfigurationPlatforms) = preSolution
		Debug|Any CPU = Debug|Any CPU
		Debug|x64 = Debug|x64
		Debug|x86 = Debug|x86
		Release|Any CPU = Release|Any CPU
		Release|x64 = Release|x64
		Release|x86 = Release|x86
	EndGlobalSection
	GlobalSection(ProjectConfigurationPlatforms) = postSolution
		{525B32F9-7355-4D31-8050-A98DAE49F198}.Debug|Any CPU.ActiveCfg = Debug|Any CPU
		{525B32F9-7355-4D31-8050-A98DAE49F198}.Debug|Any CPU.Build.0 = Debug|Any CPU
		{525B32F9-7355-4D31-8050-A98DAE49F198}.Debug|x64.ActiveCfg = Debug|Any CPU
		{525B32F9-7355-4D31-8050-A98DAE49F198}.Debug|x64.Build.0 = Debug|Any CPU
		{525B32F9-7355-4D31-8050-A98DAE49F198}.Debug|x86.ActiveCfg = Debug|Any CPU
		{525B32F9-7355-4D31-8050-A98DAE49F198}.Debug|x86.Build.0 = Debug|Any CPU
		{525B32F9-7355-4D31-8050-A98DAE49F198}.Release|Any CPU.ActiveCfg = Release|Any CPU
		{525B32F9-7355-4D31-8050-A98DAE49F198}.Release|Any CPU.Build.0 = Release|Any CPU
		{525B32F9-7355-4D31-8050-A98DAE49F198}.Release|x64.ActiveCfg = Release|Any CPU
		{525B32F9-7355-4D31-8050-A98DAE49F198}.Release|x64.Build.0 = Release|Any CPU
		{525B32F9-7355-4D31-8050-A98DAE49F198}.Release|x86.ActiveCfg = Release|Any CPU
		{525B32F9-7355-4D31-8050-A98DAE49F198}.Release|x86.Build.0 = Release|Any CPU
		{AA9DBC34-EF26-4991-8C51-3D33B8740E6C}.Debug|Any CPU.ActiveCfg = Debug|Any CPU
		{AA9DBC34-EF26-4991-8C51-3D33B8740E6C}.Debug|Any CPU.Build.0 = Debug|Any CPU
		{AA9DBC34-EF26-4991-8C51-3D33B8740E6C}.Debug|x64.ActiveCfg = Debug|Any CPU
		{AA9DBC34-EF26-4991-8C51-3D33B8740E6C}.Debug|x64.Build.0 = Debug|Any CPU
		{AA9DBC34-EF26-4991-8C51-3D33B8740E6C}.Debug|x86.ActiveCfg = Debug|Any CPU
		{AA9DBC34-EF26-4991-8C51-3D33B8740E6C}.Debug|x86.Build.0 = Debug|Any CPU
		{AA9DBC34-EF26-4991-8C51-3D33B8740E6C}.Release|Any CPU.ActiveCfg = Release|Any CPU
		{AA9DBC34-EF26-4991-8C51-3D33B8740E6C}.Release|Any CPU.Build.0 = Release|Any CPU
		{AA9DBC34-EF26-4991-8C51-3D33B8740E6C}.Release|x64.ActiveCfg = Release|Any CPU
		{AA9DBC34-EF26-4991-8C51-3D33B8740E6C}.Release|x64.Build.0 = Release|Any CPU
		{AA9DBC34-EF26-4991-8C51-3D33B8740E6C}.Release|x86.ActiveCfg = Release|Any CPU
		{AA9DBC34-EF26-4991-8C51-3D33B8740E6C}.Release|x86.Build.0 = Release|Any CPU
		{C9840250-2BDE-4E6E-A629-6A6539A2E32E}.Debug|Any CPU.ActiveCfg = Debug|Any CPU
		{C9840250-2BDE-4E6E-A629-6A6539A2E32E}.Debug|Any CPU.Build.0 = Debug|Any CPU
		{C9840250-2BDE-4E6E-A629-6A6539A2E32E}.Debug|x64.ActiveCfg = Debug|Any CPU
		{C9840250-2BDE-4E6E-A629-6A6539A2E32E}.Debug|x64.Build.0 = Debug|Any CPU
		{C9840250-2BDE-4E6E-A629-6A6539A2E32E}.Debug|x86.ActiveCfg = Debug|Any CPU
		{C9840250-2BDE-4E6E-A629-6A6539A2E32E}.Debug|x86.Build.0 = Debug|Any CPU
		{C9840250-2BDE-4E6E-A629-6A6539A2E32E}.Release|Any CPU.ActiveCfg = Release|Any CPU
		{C9840250-2BDE-4E6E-A629-6A6539A2E32E}.Release|Any CPU.Build.0 = Release|Any CPU
		{C9840250-2BDE-4E6E-A629-6A6539A2E32E}.Release|x64.ActiveCfg = Release|Any CPU
		{C9840250-2BDE-4E6E-A629-6A6539A2E32E}.Release|x64.Build.0 = Release|Any CPU
		{C9840250-2BDE-4E6E-A629-6A6539A2E32E}.Release|x86.ActiveCfg = Release|Any CPU
		{C9840250-2BDE-4E6E-A629-6A6539A2E32E}.Release|x86.Build.0 = Release|Any CPU
		{89A905B0-D130-4EE8-B2D3-FDC76ADCE6BA}.Debug|Any CPU.ActiveCfg = Debug|Any CPU
		{89A905B0-D130-4EE8-B2D3-FDC76ADCE6BA}.Debug|Any CPU.Build.0 = Debug|Any CPU
		{89A905B0-D130-4EE8-B2D3-FDC76ADCE6BA}.Debug|x64.ActiveCfg = Debug|Any CPU
		{89A905B0-D130-4EE8-B2D3-FDC76ADCE6BA}.Debug|x64.Build.0 = Debug|Any CPU
		{89A905B0-D130-4EE8-B2D3-FDC76ADCE6BA}.Debug|x86.ActiveCfg = Debug|Any CPU
		{89A905B0-D130-4EE8-B2D3-FDC76ADCE6BA}.Debug|x86.Build.0 = Debug|Any CPU
		{89A905B0-D130-4EE8-B2D3-FDC76ADCE6BA}.Release|Any CPU.ActiveCfg = Release|Any CPU
		{89A905B0-D130-4EE8-B2D3-FDC76ADCE6BA}.Release|Any CPU.Build.0 = Release|Any CPU
		{89A905B0-D130-4EE8-B2D3-FDC76ADCE6BA}.Release|x64.ActiveCfg = Release|Any CPU
		{89A905B0-D130-4EE8-B2D3-FDC76ADCE6BA}.Release|x64.Build.0 = Release|Any CPU
		{89A905B0-D130-4EE8-B2D3-FDC76ADCE6BA}.Release|x86.ActiveCfg = Release|Any CPU
		{89A905B0-D130-4EE8-B2D3-FDC76ADCE6BA}.Release|x86.Build.0 = Release|Any CPU
		{208F0D95-FB6B-4247-BC44-BDB22B3A8019}.Debug|Any CPU.ActiveCfg = Debug|Any CPU
		{208F0D95-FB6B-4247-BC44-BDB22B3A8019}.Debug|Any CPU.Build.0 = Debug|Any CPU
		{208F0D95-FB6B-4247-BC44-BDB22B3A8019}.Debug|x64.ActiveCfg = Debug|Any CPU
		{208F0D95-FB6B-4247-BC44-BDB22B3A8019}.Debug|x64.Build.0 = Debug|Any CPU
		{208F0D95-FB6B-4247-BC44-BDB22B3A8019}.Debug|x86.ActiveCfg = Debug|Any CPU
		{208F0D95-FB6B-4247-BC44-BDB22B3A8019}.Debug|x86.Build.0 = Debug|Any CPU
		{208F0D95-FB6B-4247-BC44-BDB22B3A8019}.Release|Any CPU.ActiveCfg = Release|Any CPU
		{208F0D95-FB6B-4247-BC44-BDB22B3A8019}.Release|Any CPU.Build.0 = Release|Any CPU
		{208F0D95-FB6B-4247-BC44-BDB22B3A8019}.Release|x64.ActiveCfg = Release|Any CPU
		{208F0D95-FB6B-4247-BC44-BDB22B3A8019}.Release|x64.Build.0 = Release|Any CPU
		{208F0D95-FB6B-4247-BC44-BDB22B3A8019}.Release|x86.ActiveCfg = Release|Any CPU
		{208F0D95-FB6B-4247-BC44-BDB22B3A8019}.Release|x86.Build.0 = Release|Any CPU
		{46DE4B01-4AB3-434A-8BB3-9C6113887D96}.Debug|Any CPU.ActiveCfg = Debug|Any CPU
		{46DE4B01-4AB3-434A-8BB3-9C6113887D96}.Debug|Any CPU.Build.0 = Debug|Any CPU
		{46DE4B01-4AB3-434A-8BB3-9C6113887D96}.Debug|x64.ActiveCfg = Debug|Any CPU
		{46DE4B01-4AB3-434A-8BB3-9C6113887D96}.Debug|x64.Build.0 = Debug|Any CPU
		{46DE4B01-4AB3-434A-8BB3-9C6113887D96}.Debug|x86.ActiveCfg = Debug|Any CPU
		{46DE4B01-4AB3-434A-8BB3-9C6113887D96}.Debug|x86.Build.0 = Debug|Any CPU
		{46DE4B01-4AB3-434A-8BB3-9C6113887D96}.Release|Any CPU.ActiveCfg = Release|Any CPU
		{46DE4B01-4AB3-434A-8BB3-9C6113887D96}.Release|Any CPU.Build.0 = Release|Any CPU
		{46DE4B01-4AB3-434A-8BB3-9C6113887D96}.Release|x64.ActiveCfg = Release|Any CPU
		{46DE4B01-4AB3-434A-8BB3-9C6113887D96}.Release|x64.Build.0 = Release|Any CPU
		{46DE4B01-4AB3-434A-8BB3-9C6113887D96}.Release|x86.ActiveCfg = Release|Any CPU
		{46DE4B01-4AB3-434A-8BB3-9C6113887D96}.Release|x86.Build.0 = Release|Any CPU
		{E5BE5076-41F3-4926-AFB3-A890A7B2652B}.Debug|Any CPU.ActiveCfg = Debug|Any CPU
		{E5BE5076-41F3-4926-AFB3-A890A7B2652B}.Debug|Any CPU.Build.0 = Debug|Any CPU
		{E5BE5076-41F3-4926-AFB3-A890A7B2652B}.Debug|x64.ActiveCfg = Debug|Any CPU
		{E5BE5076-41F3-4926-AFB3-A890A7B2652B}.Debug|x64.Build.0 = Debug|Any CPU
		{E5BE5076-41F3-4926-AFB3-A890A7B2652B}.Debug|x86.ActiveCfg = Debug|Any CPU
		{E5BE5076-41F3-4926-AFB3-A890A7B2652B}.Debug|x86.Build.0 = Debug|Any CPU
		{E5BE5076-41F3-4926-AFB3-A890A7B2652B}.Release|Any CPU.ActiveCfg = Release|Any CPU
		{E5BE5076-41F3-4926-AFB3-A890A7B2652B}.Release|Any CPU.Build.0 = Release|Any CPU
		{E5BE5076-41F3-4926-AFB3-A890A7B2652B}.Release|x64.ActiveCfg = Release|Any CPU
		{E5BE5076-41F3-4926-AFB3-A890A7B2652B}.Release|x64.Build.0 = Release|Any CPU
		{E5BE5076-41F3-4926-AFB3-A890A7B2652B}.Release|x86.ActiveCfg = Release|Any CPU
		{E5BE5076-41F3-4926-AFB3-A890A7B2652B}.Release|x86.Build.0 = Release|Any CPU
		{F898F903-7790-4FBD-B8B7-F90DBB104721}.Debug|Any CPU.ActiveCfg = Debug|Any CPU
		{F898F903-7790-4FBD-B8B7-F90DBB104721}.Debug|Any CPU.Build.0 = Debug|Any CPU
		{F898F903-7790-4FBD-B8B7-F90DBB104721}.Debug|x64.ActiveCfg = Debug|Any CPU
		{F898F903-7790-4FBD-B8B7-F90DBB104721}.Debug|x64.Build.0 = Debug|Any CPU
		{F898F903-7790-4FBD-B8B7-F90DBB104721}.Debug|x86.ActiveCfg = Debug|Any CPU
		{F898F903-7790-4FBD-B8B7-F90DBB104721}.Debug|x86.Build.0 = Debug|Any CPU
		{F898F903-7790-4FBD-B8B7-F90DBB104721}.Release|Any CPU.ActiveCfg = Release|Any CPU
		{F898F903-7790-4FBD-B8B7-F90DBB104721}.Release|Any CPU.Build.0 = Release|Any CPU
		{F898F903-7790-4FBD-B8B7-F90DBB104721}.Release|x64.ActiveCfg = Release|Any CPU
		{F898F903-7790-4FBD-B8B7-F90DBB104721}.Release|x64.Build.0 = Release|Any CPU
		{F898F903-7790-4FBD-B8B7-F90DBB104721}.Release|x86.ActiveCfg = Release|Any CPU
		{F898F903-7790-4FBD-B8B7-F90DBB104721}.Release|x86.Build.0 = Release|Any CPU
		{DC6927D0-F9D6-4635-9111-A71C17D2626D}.Debug|Any CPU.ActiveCfg = Debug|Any CPU
		{DC6927D0-F9D6-4635-9111-A71C17D2626D}.Debug|Any CPU.Build.0 = Debug|Any CPU
		{DC6927D0-F9D6-4635-9111-A71C17D2626D}.Debug|x64.ActiveCfg = Debug|Any CPU
		{DC6927D0-F9D6-4635-9111-A71C17D2626D}.Debug|x64.Build.0 = Debug|Any CPU
		{DC6927D0-F9D6-4635-9111-A71C17D2626D}.Debug|x86.ActiveCfg = Debug|Any CPU
		{DC6927D0-F9D6-4635-9111-A71C17D2626D}.Debug|x86.Build.0 = Debug|Any CPU
		{DC6927D0-F9D6-4635-9111-A71C17D2626D}.Release|Any CPU.ActiveCfg = Release|Any CPU
		{DC6927D0-F9D6-4635-9111-A71C17D2626D}.Release|Any CPU.Build.0 = Release|Any CPU
		{DC6927D0-F9D6-4635-9111-A71C17D2626D}.Release|x64.ActiveCfg = Release|Any CPU
		{DC6927D0-F9D6-4635-9111-A71C17D2626D}.Release|x64.Build.0 = Release|Any CPU
		{DC6927D0-F9D6-4635-9111-A71C17D2626D}.Release|x86.ActiveCfg = Release|Any CPU
		{DC6927D0-F9D6-4635-9111-A71C17D2626D}.Release|x86.Build.0 = Release|Any CPU
		{CC3666F4-89D3-4ED8-BBF4-7794E98B6087}.Debug|Any CPU.ActiveCfg = Debug|Any CPU
		{CC3666F4-89D3-4ED8-BBF4-7794E98B6087}.Debug|Any CPU.Build.0 = Debug|Any CPU
		{CC3666F4-89D3-4ED8-BBF4-7794E98B6087}.Debug|x64.ActiveCfg = Debug|Any CPU
		{CC3666F4-89D3-4ED8-BBF4-7794E98B6087}.Debug|x64.Build.0 = Debug|Any CPU
		{CC3666F4-89D3-4ED8-BBF4-7794E98B6087}.Debug|x86.ActiveCfg = Debug|Any CPU
		{CC3666F4-89D3-4ED8-BBF4-7794E98B6087}.Debug|x86.Build.0 = Debug|Any CPU
		{CC3666F4-89D3-4ED8-BBF4-7794E98B6087}.Release|Any CPU.ActiveCfg = Release|Any CPU
		{CC3666F4-89D3-4ED8-BBF4-7794E98B6087}.Release|Any CPU.Build.0 = Release|Any CPU
		{CC3666F4-89D3-4ED8-BBF4-7794E98B6087}.Release|x64.ActiveCfg = Release|Any CPU
		{CC3666F4-89D3-4ED8-BBF4-7794E98B6087}.Release|x64.Build.0 = Release|Any CPU
		{CC3666F4-89D3-4ED8-BBF4-7794E98B6087}.Release|x86.ActiveCfg = Release|Any CPU
		{CC3666F4-89D3-4ED8-BBF4-7794E98B6087}.Release|x86.Build.0 = Release|Any CPU
		{945660E8-7C17-4AC9-B53C-629AD0955C26}.Debug|Any CPU.ActiveCfg = Debug|Any CPU
		{945660E8-7C17-4AC9-B53C-629AD0955C26}.Debug|Any CPU.Build.0 = Debug|Any CPU
		{945660E8-7C17-4AC9-B53C-629AD0955C26}.Debug|x64.ActiveCfg = Debug|Any CPU
		{945660E8-7C17-4AC9-B53C-629AD0955C26}.Debug|x64.Build.0 = Debug|Any CPU
		{945660E8-7C17-4AC9-B53C-629AD0955C26}.Debug|x86.ActiveCfg = Debug|Any CPU
		{945660E8-7C17-4AC9-B53C-629AD0955C26}.Debug|x86.Build.0 = Debug|Any CPU
		{945660E8-7C17-4AC9-B53C-629AD0955C26}.Release|Any CPU.ActiveCfg = Release|Any CPU
		{945660E8-7C17-4AC9-B53C-629AD0955C26}.Release|Any CPU.Build.0 = Release|Any CPU
		{945660E8-7C17-4AC9-B53C-629AD0955C26}.Release|x64.ActiveCfg = Release|Any CPU
		{945660E8-7C17-4AC9-B53C-629AD0955C26}.Release|x64.Build.0 = Release|Any CPU
		{945660E8-7C17-4AC9-B53C-629AD0955C26}.Release|x86.ActiveCfg = Release|Any CPU
		{945660E8-7C17-4AC9-B53C-629AD0955C26}.Release|x86.Build.0 = Release|Any CPU
		{F36A5C2C-D7A0-4021-A0EE-4E35AC7592AD}.Debug|Any CPU.ActiveCfg = Debug|Any CPU
		{F36A5C2C-D7A0-4021-A0EE-4E35AC7592AD}.Debug|Any CPU.Build.0 = Debug|Any CPU
		{F36A5C2C-D7A0-4021-A0EE-4E35AC7592AD}.Debug|x64.ActiveCfg = Debug|Any CPU
		{F36A5C2C-D7A0-4021-A0EE-4E35AC7592AD}.Debug|x64.Build.0 = Debug|Any CPU
		{F36A5C2C-D7A0-4021-A0EE-4E35AC7592AD}.Debug|x86.ActiveCfg = Debug|Any CPU
		{F36A5C2C-D7A0-4021-A0EE-4E35AC7592AD}.Debug|x86.Build.0 = Debug|Any CPU
		{F36A5C2C-D7A0-4021-A0EE-4E35AC7592AD}.Release|Any CPU.ActiveCfg = Release|Any CPU
		{F36A5C2C-D7A0-4021-A0EE-4E35AC7592AD}.Release|Any CPU.Build.0 = Release|Any CPU
		{F36A5C2C-D7A0-4021-A0EE-4E35AC7592AD}.Release|x64.ActiveCfg = Release|Any CPU
		{F36A5C2C-D7A0-4021-A0EE-4E35AC7592AD}.Release|x64.Build.0 = Release|Any CPU
		{F36A5C2C-D7A0-4021-A0EE-4E35AC7592AD}.Release|x86.ActiveCfg = Release|Any CPU
		{F36A5C2C-D7A0-4021-A0EE-4E35AC7592AD}.Release|x86.Build.0 = Release|Any CPU
		{ACE5176E-112E-4905-A494-D43845C4AAC8}.Debug|Any CPU.ActiveCfg = Debug|Any CPU
		{ACE5176E-112E-4905-A494-D43845C4AAC8}.Debug|Any CPU.Build.0 = Debug|Any CPU
		{ACE5176E-112E-4905-A494-D43845C4AAC8}.Debug|x64.ActiveCfg = Debug|Any CPU
		{ACE5176E-112E-4905-A494-D43845C4AAC8}.Debug|x64.Build.0 = Debug|Any CPU
		{ACE5176E-112E-4905-A494-D43845C4AAC8}.Debug|x86.ActiveCfg = Debug|Any CPU
		{ACE5176E-112E-4905-A494-D43845C4AAC8}.Debug|x86.Build.0 = Debug|Any CPU
		{ACE5176E-112E-4905-A494-D43845C4AAC8}.Release|Any CPU.ActiveCfg = Release|Any CPU
		{ACE5176E-112E-4905-A494-D43845C4AAC8}.Release|Any CPU.Build.0 = Release|Any CPU
		{ACE5176E-112E-4905-A494-D43845C4AAC8}.Release|x64.ActiveCfg = Release|Any CPU
		{ACE5176E-112E-4905-A494-D43845C4AAC8}.Release|x64.Build.0 = Release|Any CPU
		{ACE5176E-112E-4905-A494-D43845C4AAC8}.Release|x86.ActiveCfg = Release|Any CPU
		{ACE5176E-112E-4905-A494-D43845C4AAC8}.Release|x86.Build.0 = Release|Any CPU
		{E50F97AF-7AF8-444A-851D-BE44650DF5B7}.Debug|Any CPU.ActiveCfg = Debug|Any CPU
		{E50F97AF-7AF8-444A-851D-BE44650DF5B7}.Debug|Any CPU.Build.0 = Debug|Any CPU
		{E50F97AF-7AF8-444A-851D-BE44650DF5B7}.Debug|x64.ActiveCfg = Debug|Any CPU
		{E50F97AF-7AF8-444A-851D-BE44650DF5B7}.Debug|x64.Build.0 = Debug|Any CPU
		{E50F97AF-7AF8-444A-851D-BE44650DF5B7}.Debug|x86.ActiveCfg = Debug|Any CPU
		{E50F97AF-7AF8-444A-851D-BE44650DF5B7}.Debug|x86.Build.0 = Debug|Any CPU
		{E50F97AF-7AF8-444A-851D-BE44650DF5B7}.Release|Any CPU.ActiveCfg = Release|Any CPU
		{E50F97AF-7AF8-444A-851D-BE44650DF5B7}.Release|Any CPU.Build.0 = Release|Any CPU
		{E50F97AF-7AF8-444A-851D-BE44650DF5B7}.Release|x64.ActiveCfg = Release|Any CPU
		{E50F97AF-7AF8-444A-851D-BE44650DF5B7}.Release|x64.Build.0 = Release|Any CPU
		{E50F97AF-7AF8-444A-851D-BE44650DF5B7}.Release|x86.ActiveCfg = Release|Any CPU
		{E50F97AF-7AF8-444A-851D-BE44650DF5B7}.Release|x86.Build.0 = Release|Any CPU
		{6DCC4E14-6584-4130-9739-B20C935CF846}.Debug|Any CPU.ActiveCfg = Debug|Any CPU
		{6DCC4E14-6584-4130-9739-B20C935CF846}.Debug|Any CPU.Build.0 = Debug|Any CPU
		{6DCC4E14-6584-4130-9739-B20C935CF846}.Debug|x64.ActiveCfg = Debug|Any CPU
		{6DCC4E14-6584-4130-9739-B20C935CF846}.Debug|x64.Build.0 = Debug|Any CPU
		{6DCC4E14-6584-4130-9739-B20C935CF846}.Debug|x86.ActiveCfg = Debug|Any CPU
		{6DCC4E14-6584-4130-9739-B20C935CF846}.Debug|x86.Build.0 = Debug|Any CPU
		{6DCC4E14-6584-4130-9739-B20C935CF846}.Release|Any CPU.ActiveCfg = Release|Any CPU
		{6DCC4E14-6584-4130-9739-B20C935CF846}.Release|Any CPU.Build.0 = Release|Any CPU
		{6DCC4E14-6584-4130-9739-B20C935CF846}.Release|x64.ActiveCfg = Release|Any CPU
		{6DCC4E14-6584-4130-9739-B20C935CF846}.Release|x64.Build.0 = Release|Any CPU
		{6DCC4E14-6584-4130-9739-B20C935CF846}.Release|x86.ActiveCfg = Release|Any CPU
		{6DCC4E14-6584-4130-9739-B20C935CF846}.Release|x86.Build.0 = Release|Any CPU
		{D03AB52D-B13F-4438-A328-1E79DE166206}.Debug|Any CPU.ActiveCfg = Debug|Any CPU
		{D03AB52D-B13F-4438-A328-1E79DE166206}.Debug|Any CPU.Build.0 = Debug|Any CPU
		{D03AB52D-B13F-4438-A328-1E79DE166206}.Debug|x64.ActiveCfg = Debug|Any CPU
		{D03AB52D-B13F-4438-A328-1E79DE166206}.Debug|x64.Build.0 = Debug|Any CPU
		{D03AB52D-B13F-4438-A328-1E79DE166206}.Debug|x86.ActiveCfg = Debug|Any CPU
		{D03AB52D-B13F-4438-A328-1E79DE166206}.Debug|x86.Build.0 = Debug|Any CPU
		{D03AB52D-B13F-4438-A328-1E79DE166206}.Release|Any CPU.ActiveCfg = Release|Any CPU
		{D03AB52D-B13F-4438-A328-1E79DE166206}.Release|Any CPU.Build.0 = Release|Any CPU
		{D03AB52D-B13F-4438-A328-1E79DE166206}.Release|x64.ActiveCfg = Release|Any CPU
		{D03AB52D-B13F-4438-A328-1E79DE166206}.Release|x64.Build.0 = Release|Any CPU
		{D03AB52D-B13F-4438-A328-1E79DE166206}.Release|x86.ActiveCfg = Release|Any CPU
		{D03AB52D-B13F-4438-A328-1E79DE166206}.Release|x86.Build.0 = Release|Any CPU
		{4F6E3B00-AFF7-42CD-9410-0B9A244210C8}.Debug|Any CPU.ActiveCfg = Debug|Any CPU
		{4F6E3B00-AFF7-42CD-9410-0B9A244210C8}.Debug|Any CPU.Build.0 = Debug|Any CPU
		{4F6E3B00-AFF7-42CD-9410-0B9A244210C8}.Debug|x64.ActiveCfg = Debug|Any CPU
		{4F6E3B00-AFF7-42CD-9410-0B9A244210C8}.Debug|x64.Build.0 = Debug|Any CPU
		{4F6E3B00-AFF7-42CD-9410-0B9A244210C8}.Debug|x86.ActiveCfg = Debug|Any CPU
		{4F6E3B00-AFF7-42CD-9410-0B9A244210C8}.Debug|x86.Build.0 = Debug|Any CPU
		{4F6E3B00-AFF7-42CD-9410-0B9A244210C8}.Release|Any CPU.ActiveCfg = Release|Any CPU
		{4F6E3B00-AFF7-42CD-9410-0B9A244210C8}.Release|Any CPU.Build.0 = Release|Any CPU
		{4F6E3B00-AFF7-42CD-9410-0B9A244210C8}.Release|x64.ActiveCfg = Release|Any CPU
		{4F6E3B00-AFF7-42CD-9410-0B9A244210C8}.Release|x64.Build.0 = Release|Any CPU
		{4F6E3B00-AFF7-42CD-9410-0B9A244210C8}.Release|x86.ActiveCfg = Release|Any CPU
		{4F6E3B00-AFF7-42CD-9410-0B9A244210C8}.Release|x86.Build.0 = Release|Any CPU
		{3634FF4A-9DF0-4082-A93F-DE162A846C03}.Debug|Any CPU.ActiveCfg = Debug|Any CPU
		{3634FF4A-9DF0-4082-A93F-DE162A846C03}.Debug|Any CPU.Build.0 = Debug|Any CPU
		{3634FF4A-9DF0-4082-A93F-DE162A846C03}.Debug|x64.ActiveCfg = Debug|Any CPU
		{3634FF4A-9DF0-4082-A93F-DE162A846C03}.Debug|x64.Build.0 = Debug|Any CPU
		{3634FF4A-9DF0-4082-A93F-DE162A846C03}.Debug|x86.ActiveCfg = Debug|Any CPU
		{3634FF4A-9DF0-4082-A93F-DE162A846C03}.Debug|x86.Build.0 = Debug|Any CPU
		{3634FF4A-9DF0-4082-A93F-DE162A846C03}.Release|Any CPU.ActiveCfg = Release|Any CPU
		{3634FF4A-9DF0-4082-A93F-DE162A846C03}.Release|Any CPU.Build.0 = Release|Any CPU
		{3634FF4A-9DF0-4082-A93F-DE162A846C03}.Release|x64.ActiveCfg = Release|Any CPU
		{3634FF4A-9DF0-4082-A93F-DE162A846C03}.Release|x64.Build.0 = Release|Any CPU
		{3634FF4A-9DF0-4082-A93F-DE162A846C03}.Release|x86.ActiveCfg = Release|Any CPU
		{3634FF4A-9DF0-4082-A93F-DE162A846C03}.Release|x86.Build.0 = Release|Any CPU
		{36907E0C-754E-4C0C-994C-0891EFC16F89}.Debug|Any CPU.ActiveCfg = Debug|Any CPU
		{36907E0C-754E-4C0C-994C-0891EFC16F89}.Debug|Any CPU.Build.0 = Debug|Any CPU
		{36907E0C-754E-4C0C-994C-0891EFC16F89}.Debug|x64.ActiveCfg = Debug|Any CPU
		{36907E0C-754E-4C0C-994C-0891EFC16F89}.Debug|x64.Build.0 = Debug|Any CPU
		{36907E0C-754E-4C0C-994C-0891EFC16F89}.Debug|x86.ActiveCfg = Debug|Any CPU
		{36907E0C-754E-4C0C-994C-0891EFC16F89}.Debug|x86.Build.0 = Debug|Any CPU
		{36907E0C-754E-4C0C-994C-0891EFC16F89}.Release|Any CPU.ActiveCfg = Release|Any CPU
		{36907E0C-754E-4C0C-994C-0891EFC16F89}.Release|Any CPU.Build.0 = Release|Any CPU
		{36907E0C-754E-4C0C-994C-0891EFC16F89}.Release|x64.ActiveCfg = Release|Any CPU
		{36907E0C-754E-4C0C-994C-0891EFC16F89}.Release|x64.Build.0 = Release|Any CPU
		{36907E0C-754E-4C0C-994C-0891EFC16F89}.Release|x86.ActiveCfg = Release|Any CPU
		{36907E0C-754E-4C0C-994C-0891EFC16F89}.Release|x86.Build.0 = Release|Any CPU
		{B1A0B86D-1039-4853-826E-B7067C2903A9}.Debug|Any CPU.ActiveCfg = Debug|Any CPU
		{B1A0B86D-1039-4853-826E-B7067C2903A9}.Debug|Any CPU.Build.0 = Debug|Any CPU
		{B1A0B86D-1039-4853-826E-B7067C2903A9}.Debug|x64.ActiveCfg = Debug|Any CPU
		{B1A0B86D-1039-4853-826E-B7067C2903A9}.Debug|x64.Build.0 = Debug|Any CPU
		{B1A0B86D-1039-4853-826E-B7067C2903A9}.Debug|x86.ActiveCfg = Debug|Any CPU
		{B1A0B86D-1039-4853-826E-B7067C2903A9}.Debug|x86.Build.0 = Debug|Any CPU
		{B1A0B86D-1039-4853-826E-B7067C2903A9}.Release|Any CPU.ActiveCfg = Release|Any CPU
		{B1A0B86D-1039-4853-826E-B7067C2903A9}.Release|Any CPU.Build.0 = Release|Any CPU
		{B1A0B86D-1039-4853-826E-B7067C2903A9}.Release|x64.ActiveCfg = Release|Any CPU
		{B1A0B86D-1039-4853-826E-B7067C2903A9}.Release|x64.Build.0 = Release|Any CPU
		{B1A0B86D-1039-4853-826E-B7067C2903A9}.Release|x86.ActiveCfg = Release|Any CPU
		{B1A0B86D-1039-4853-826E-B7067C2903A9}.Release|x86.Build.0 = Release|Any CPU
	EndGlobalSection
	GlobalSection(SolutionProperties) = preSolution
		HideSolutionNode = FALSE
	EndGlobalSection
	GlobalSection(NestedProjects) = preSolution
		{525B32F9-7355-4D31-8050-A98DAE49F198} = {80359CC7-A40A-4139-8655-11FB5FCE0939}
		{427F68DB-88F5-4F66-BA6F-FE3712093884} = {0351B039-4A5E-49BD-8158-5D1AE7ABE97A}
		{DB801372-A7A1-43F2-B374-4C7E61623A73} = {77B4C1DC-9D42-4EB5-9786-2525DF436845}
		{10E3E459-3554-455E-A1CB-A81646834342} = {0351B039-4A5E-49BD-8158-5D1AE7ABE97A}
		{49D0EB4C-C8BC-461E-8CCF-D0B7C66C4898} = {0351B039-4A5E-49BD-8158-5D1AE7ABE97A}
		{3B729129-7FAF-4480-AC28-3C9757128032} = {0351B039-4A5E-49BD-8158-5D1AE7ABE97A}
		{DBD3422E-02B1-4CC3-9631-71191ACE1F48} = {87415989-F4A5-4B0D-916A-2D5CE89FEA04}
		{1E5B3A28-CDBF-4216-9B40-A9B3CA31F14A} = {87415989-F4A5-4B0D-916A-2D5CE89FEA04}
		{AA9DBC34-EF26-4991-8C51-3D33B8740E6C} = {427F68DB-88F5-4F66-BA6F-FE3712093884}
		{C9840250-2BDE-4E6E-A629-6A6539A2E32E} = {3B729129-7FAF-4480-AC28-3C9757128032}
		{89A905B0-D130-4EE8-B2D3-FDC76ADCE6BA} = {49D0EB4C-C8BC-461E-8CCF-D0B7C66C4898}
		{208F0D95-FB6B-4247-BC44-BDB22B3A8019} = {10E3E459-3554-455E-A1CB-A81646834342}
		{E2BE277C-AA6B-4492-BB46-81E1BB0185CB} = {0351B039-4A5E-49BD-8158-5D1AE7ABE97A}
		{E8048848-2F66-4D76-8B6D-08249DC7A386} = {77B4C1DC-9D42-4EB5-9786-2525DF436845}
		{DFFD6F7D-450D-4FC5-B227-F7048731DECD} = {77B4C1DC-9D42-4EB5-9786-2525DF436845}
		{E7E34C83-FE4D-42EF-8422-859DBA666103} = {B1128906-8BB0-47B9-9FA0-2D1929CDAA20}
		{46DE4B01-4AB3-434A-8BB3-9C6113887D96} = {E2BE277C-AA6B-4492-BB46-81E1BB0185CB}
		{E5BE5076-41F3-4926-AFB3-A890A7B2652B} = {DFFD6F7D-450D-4FC5-B227-F7048731DECD}
		{F898F903-7790-4FBD-B8B7-F90DBB104721} = {E8048848-2F66-4D76-8B6D-08249DC7A386}
		{DC6927D0-F9D6-4635-9111-A71C17D2626D} = {DB801372-A7A1-43F2-B374-4C7E61623A73}
		{9BA7A698-CAD3-4171-B31E-2BB152DE0010} = {87415989-F4A5-4B0D-916A-2D5CE89FEA04}
		{FC7CEFC5-F4AE-43D6-BD6A-74114C996B9B} = {87415989-F4A5-4B0D-916A-2D5CE89FEA04}
		{CC3666F4-89D3-4ED8-BBF4-7794E98B6087} = {9BA7A698-CAD3-4171-B31E-2BB152DE0010}
		{945660E8-7C17-4AC9-B53C-629AD0955C26} = {FC7CEFC5-F4AE-43D6-BD6A-74114C996B9B}
		{F36A5C2C-D7A0-4021-A0EE-4E35AC7592AD} = {1E5B3A28-CDBF-4216-9B40-A9B3CA31F14A}
		{ACE5176E-112E-4905-A494-D43845C4AAC8} = {FC7CEFC5-F4AE-43D6-BD6A-74114C996B9B}
		{6BC4C565-1168-487A-B93E-7618DC57F5F4} = {DBD3422E-02B1-4CC3-9631-71191ACE1F48}
		{74023329-CAAB-402D-B4C4-3F2A02710E96} = {DBD3422E-02B1-4CC3-9631-71191ACE1F48}
		{E9C5D4C3-DEED-4ACB-9273-87CBED1401F4} = {DBD3422E-02B1-4CC3-9631-71191ACE1F48}
		{E50F97AF-7AF8-444A-851D-BE44650DF5B7} = {E9C5D4C3-DEED-4ACB-9273-87CBED1401F4}
		{6DCC4E14-6584-4130-9739-B20C935CF846} = {6BC4C565-1168-487A-B93E-7618DC57F5F4}
		{D03AB52D-B13F-4438-A328-1E79DE166206} = {74023329-CAAB-402D-B4C4-3F2A02710E96}
		{4F6E3B00-AFF7-42CD-9410-0B9A244210C8} = {427F68DB-88F5-4F66-BA6F-FE3712093884}
		{3634FF4A-9DF0-4082-A93F-DE162A846C03} = {10E3E459-3554-455E-A1CB-A81646834342}
		{36907E0C-754E-4C0C-994C-0891EFC16F89} = {49D0EB4C-C8BC-461E-8CCF-D0B7C66C4898}
		{26704F85-982F-4EF8-B168-A7751912BEDE} = {77B4C1DC-9D42-4EB5-9786-2525DF436845}
		{B1A0B86D-1039-4853-826E-B7067C2903A9} = {26704F85-982F-4EF8-B168-A7751912BEDE}
	EndGlobalSection
	GlobalSection(ExtensibilityGlobals) = postSolution
		SolutionGuid = {936B4655-9F91-47FD-AB88-65C8FE81D1DA}
	EndGlobalSection
EndGlobal
