
Microsoft Visual Studio Solution File, Format Version 12.00
# Visual Studio Version 16
VisualStudioVersion = 16.0.30320.27
MinimumVisualStudioVersion = 15.0.26124.0
Project("{2150E333-8FDC-42A3-9474-1A3956D46DE8}") = "Presentation", "Presentation", "{B1128906-8BB0-47B9-9FA0-2D1929CDAA20}"
EndProject
Project("{2150E333-8FDC-42A3-9474-1A3956D46DE8}") = "Application", "Application", "{0351B039-4A5E-49BD-8158-5D1AE7ABE97A}"
EndProject
Project("{2150E333-8FDC-42A3-9474-1A3956D46DE8}") = "Domain", "Domain", "{77B4C1DC-9D42-4EB5-9786-2525DF436845}"
EndProject
Project("{2150E333-8FDC-42A3-9474-1A3956D46DE8}") = "Infrastructure", "Infrastructure", "{87415989-F4A5-4B0D-916A-2D5CE89FEA04}"
EndProject
Project("{2150E333-8FDC-42A3-9474-1A3956D46DE8}") = "Test", "Test", "{80359CC7-A40A-4139-8655-11FB5FCE0939}"
EndProject
Project("{9A19103F-16F7-4668-BE54-9A1E7A4F7556}") = "rcManagerTests", "Test\rcManagerTests\rcManagerTests.csproj", "{525B32F9-7355-4D31-8050-A98DAE49F198}"
EndProject
Project("{2150E333-8FDC-42A3-9474-1A3956D46DE8}") = "User", "User", "{427F68DB-88F5-4F66-BA6F-FE3712093884}"
EndProject
Project("{2150E333-8FDC-42A3-9474-1A3956D46DE8}") = "User", "User", "{DB801372-A7A1-43F2-B374-4C7E61623A73}"
EndProject
Project("{2150E333-8FDC-42A3-9474-1A3956D46DE8}") = "System", "System", "{10E3E459-3554-455E-A1CB-A81646834342}"
EndProject
Project("{2150E333-8FDC-42A3-9474-1A3956D46DE8}") = "Permission", "Permission", "{49D0EB4C-C8BC-461E-8CCF-D0B7C66C4898}"
EndProject
Project("{2150E333-8FDC-42A3-9474-1A3956D46DE8}") = "Api", "Api", "{3B729129-7FAF-4480-AC28-3C9757128032}"
EndProject
Project("{2150E333-8FDC-42A3-9474-1A3956D46DE8}") = "Repository", "Repository", "{DBD3422E-02B1-4CC3-9631-71191ACE1F48}"
EndProject
Project("{2150E333-8FDC-42A3-9474-1A3956D46DE8}") = "Utils", "Utils", "{1E5B3A28-CDBF-4216-9B40-A9B3CA31F14A}"
EndProject
Project("{9A19103F-16F7-4668-BE54-9A1E7A4F7556}") = "rcManagerUserApplication", "Application\User\rcManagerUserApplication\rcManagerUserApplication.csproj", "{AA9DBC34-EF26-4991-8C51-3D33B8740E6C}"
EndProject
Project("{9A19103F-16F7-4668-BE54-9A1E7A4F7556}") = "rcManagerApi", "Application\Api\rcManagerApi\rcManagerApi.csproj", "{C9840250-2BDE-4E6E-A629-6A6539A2E32E}"
EndProject
Project("{9A19103F-16F7-4668-BE54-9A1E7A4F7556}") = "rcManagerPermissionApplication", "Application\Permission\rcManagerPermissionApplication\rcManagerPermissionApplication.csproj", "{89A905B0-D130-4EE8-B2D3-FDC76ADCE6BA}"
EndProject
Project("{9A19103F-16F7-4668-BE54-9A1E7A4F7556}") = "rcManagerSystemApplication", "Application\System\rcManagerSystemApplication\rcManagerSystemApplication.csproj", "{208F0D95-FB6B-4247-BC44-BDB22B3A8019}"
EndProject
Project("{2150E333-8FDC-42A3-9474-1A3956D46DE8}") = "Base", "Base", "{E2BE277C-AA6B-4492-BB46-81E1BB0185CB}"
EndProject
Project("{2150E333-8FDC-42A3-9474-1A3956D46DE8}") = "System", "System", "{E8048848-2F66-4D76-8B6D-08249DC7A386}"
EndProject
Project("{2150E333-8FDC-42A3-9474-1A3956D46DE8}") = "Permission", "Permission", "{DFFD6F7D-450D-4FC5-B227-F7048731DECD}"
EndProject
Project("{2150E333-8FDC-42A3-9474-1A3956D46DE8}") = "Base", "Base", "{77A92AC5-234A-4076-B75D-66EC2E6E8020}"
EndProject
Project("{2150E333-8FDC-42A3-9474-1A3956D46DE8}") = "Web", "Web", "{E7E34C83-FE4D-42EF-8422-859DBA666103}"
EndProject
Project("{9A19103F-16F7-4668-BE54-9A1E7A4F7556}") = "rcManagerApplicationBase", "Application\Base\rcManagerApplicationBase\rcManagerApplicationBase.csproj", "{46DE4B01-4AB3-434A-8BB3-9C6113887D96}"
EndProject
Project("{9A19103F-16F7-4668-BE54-9A1E7A4F7556}") = "rcManagerDomainBase", "Domain\Base\rcManagerDomainBase\rcManagerDomainBase.csproj", "{8300B1FB-15D3-41A9-9CDC-960B4F52AF03}"
EndProject
Project("{9A19103F-16F7-4668-BE54-9A1E7A4F7556}") = "rcManagerPermissionDomain", "Domain\Permission\rcManagerPermissionDomain\rcManagerPermissionDomain.csproj", "{E5BE5076-41F3-4926-AFB3-A890A7B2652B}"
EndProject
Project("{9A19103F-16F7-4668-BE54-9A1E7A4F7556}") = "rcManagerSystemDomain", "Domain\System\rcManagerSystemDomain\rcManagerSystemDomain.csproj", "{F898F903-7790-4FBD-B8B7-F90DBB104721}"
EndProject
Project("{9A19103F-16F7-4668-BE54-9A1E7A4F7556}") = "rcManagerUserDomain", "Domain\User\rcManagerUserDomain\rcManagerUserDomain.csproj", "{DC6927D0-F9D6-4635-9111-A71C17D2626D}"
EndProject
Project("{9A19103F-16F7-4668-BE54-9A1E7A4F7556}") = "rcManagerDatabase", "Infrastructure\Repository\rcManagerDatabase\rcManagerDatabase.csproj", "{2B397484-6916-470D-A6B6-7C6F4DE586BF}"
EndProject
Project("{9A19103F-16F7-4668-BE54-9A1E7A4F7556}") = "rcManagerMigrations", "Infrastructure\Repository\rcManagerMigrations\rcManagerMigrations.csproj", "{315C6948-1687-4C56-B799-E174172048E8}"
EndProject
Project("{9A19103F-16F7-4668-BE54-9A1E7A4F7556}") = "rcManagerCrypto", "Infrastructure\Utils\rcManagerCrypto\rcManagerCrypto.csproj", "{967CD7E8-B14A-410A-B4DA-606683D2AD09}"
EndProject
Project("{9A19103F-16F7-4668-BE54-9A1E7A4F7556}") = "rcManagerUtils", "Infrastructure\Utils\rcManagerUtils\rcManagerUtils.csproj", "{BA229E43-641C-49D8-8CC8-54307ED75198}"
EndProject
Global
	GlobalSection(SolutionConfigurationPlatforms) = preSolution
		Debug|Any CPU = Debug|Any CPU
		Debug|x64 = Debug|x64
		Debug|x86 = Debug|x86
		Release|Any CPU = Release|Any CPU
		Release|x64 = Release|x64
		Release|x86 = Release|x86
	EndGlobalSection
	GlobalSection(ProjectConfigurationPlatforms) = postSolution
		{525B32F9-7355-4D31-8050-A98DAE49F198}.Debug|Any CPU.ActiveCfg = Debug|Any CPU
		{525B32F9-7355-4D31-8050-A98DAE49F198}.Debug|Any CPU.Build.0 = Debug|Any CPU
		{525B32F9-7355-4D31-8050-A98DAE49F198}.Debug|x64.ActiveCfg = Debug|Any CPU
		{525B32F9-7355-4D31-8050-A98DAE49F198}.Debug|x64.Build.0 = Debug|Any CPU
		{525B32F9-7355-4D31-8050-A98DAE49F198}.Debug|x86.ActiveCfg = Debug|Any CPU
		{525B32F9-7355-4D31-8050-A98DAE49F198}.Debug|x86.Build.0 = Debug|Any CPU
		{525B32F9-7355-4D31-8050-A98DAE49F198}.Release|Any CPU.ActiveCfg = Release|Any CPU
		{525B32F9-7355-4D31-8050-A98DAE49F198}.Release|Any CPU.Build.0 = Release|Any CPU
		{525B32F9-7355-4D31-8050-A98DAE49F198}.Release|x64.ActiveCfg = Release|Any CPU
		{525B32F9-7355-4D31-8050-A98DAE49F198}.Release|x64.Build.0 = Release|Any CPU
		{525B32F9-7355-4D31-8050-A98DAE49F198}.Release|x86.ActiveCfg = Release|Any CPU
		{525B32F9-7355-4D31-8050-A98DAE49F198}.Release|x86.Build.0 = Release|Any CPU
		{AA9DBC34-EF26-4991-8C51-3D33B8740E6C}.Debug|Any CPU.ActiveCfg = Debug|Any CPU
		{AA9DBC34-EF26-4991-8C51-3D33B8740E6C}.Debug|Any CPU.Build.0 = Debug|Any CPU
		{AA9DBC34-EF26-4991-8C51-3D33B8740E6C}.Debug|x64.ActiveCfg = Debug|Any CPU
		{AA9DBC34-EF26-4991-8C51-3D33B8740E6C}.Debug|x64.Build.0 = Debug|Any CPU
		{AA9DBC34-EF26-4991-8C51-3D33B8740E6C}.Debug|x86.ActiveCfg = Debug|Any CPU
		{AA9DBC34-EF26-4991-8C51-3D33B8740E6C}.Debug|x86.Build.0 = Debug|Any CPU
		{AA9DBC34-EF26-4991-8C51-3D33B8740E6C}.Release|Any CPU.ActiveCfg = Release|Any CPU
		{AA9DBC34-EF26-4991-8C51-3D33B8740E6C}.Release|Any CPU.Build.0 = Release|Any CPU
		{AA9DBC34-EF26-4991-8C51-3D33B8740E6C}.Release|x64.ActiveCfg = Release|Any CPU
		{AA9DBC34-EF26-4991-8C51-3D33B8740E6C}.Release|x64.Build.0 = Release|Any CPU
		{AA9DBC34-EF26-4991-8C51-3D33B8740E6C}.Release|x86.ActiveCfg = Release|Any CPU
		{AA9DBC34-EF26-4991-8C51-3D33B8740E6C}.Release|x86.Build.0 = Release|Any CPU
		{C9840250-2BDE-4E6E-A629-6A6539A2E32E}.Debug|Any CPU.ActiveCfg = Debug|Any CPU
		{C9840250-2BDE-4E6E-A629-6A6539A2E32E}.Debug|Any CPU.Build.0 = Debug|Any CPU
		{C9840250-2BDE-4E6E-A629-6A6539A2E32E}.Debug|x64.ActiveCfg = Debug|Any CPU
		{C9840250-2BDE-4E6E-A629-6A6539A2E32E}.Debug|x64.Build.0 = Debug|Any CPU
		{C9840250-2BDE-4E6E-A629-6A6539A2E32E}.Debug|x86.ActiveCfg = Debug|Any CPU
		{C9840250-2BDE-4E6E-A629-6A6539A2E32E}.Debug|x86.Build.0 = Debug|Any CPU
		{C9840250-2BDE-4E6E-A629-6A6539A2E32E}.Release|Any CPU.ActiveCfg = Release|Any CPU
		{C9840250-2BDE-4E6E-A629-6A6539A2E32E}.Release|Any CPU.Build.0 = Release|Any CPU
		{C9840250-2BDE-4E6E-A629-6A6539A2E32E}.Release|x64.ActiveCfg = Release|Any CPU
		{C9840250-2BDE-4E6E-A629-6A6539A2E32E}.Release|x64.Build.0 = Release|Any CPU
		{C9840250-2BDE-4E6E-A629-6A6539A2E32E}.Release|x86.ActiveCfg = Release|Any CPU
		{C9840250-2BDE-4E6E-A629-6A6539A2E32E}.Release|x86.Build.0 = Release|Any CPU
		{89A905B0-D130-4EE8-B2D3-FDC76ADCE6BA}.Debug|Any CPU.ActiveCfg = Debug|Any CPU
		{89A905B0-D130-4EE8-B2D3-FDC76ADCE6BA}.Debug|Any CPU.Build.0 = Debug|Any CPU
		{89A905B0-D130-4EE8-B2D3-FDC76ADCE6BA}.Debug|x64.ActiveCfg = Debug|Any CPU
		{89A905B0-D130-4EE8-B2D3-FDC76ADCE6BA}.Debug|x64.Build.0 = Debug|Any CPU
		{89A905B0-D130-4EE8-B2D3-FDC76ADCE6BA}.Debug|x86.ActiveCfg = Debug|Any CPU
		{89A905B0-D130-4EE8-B2D3-FDC76ADCE6BA}.Debug|x86.Build.0 = Debug|Any CPU
		{89A905B0-D130-4EE8-B2D3-FDC76ADCE6BA}.Release|Any CPU.ActiveCfg = Release|Any CPU
		{89A905B0-D130-4EE8-B2D3-FDC76ADCE6BA}.Release|Any CPU.Build.0 = Release|Any CPU
		{89A905B0-D130-4EE8-B2D3-FDC76ADCE6BA}.Release|x64.ActiveCfg = Release|Any CPU
		{89A905B0-D130-4EE8-B2D3-FDC76ADCE6BA}.Release|x64.Build.0 = Release|Any CPU
		{89A905B0-D130-4EE8-B2D3-FDC76ADCE6BA}.Release|x86.ActiveCfg = Release|Any CPU
		{89A905B0-D130-4EE8-B2D3-FDC76ADCE6BA}.Release|x86.Build.0 = Release|Any CPU
		{208F0D95-FB6B-4247-BC44-BDB22B3A8019}.Debug|Any CPU.ActiveCfg = Debug|Any CPU
		{208F0D95-FB6B-4247-BC44-BDB22B3A8019}.Debug|Any CPU.Build.0 = Debug|Any CPU
		{208F0D95-FB6B-4247-BC44-BDB22B3A8019}.Debug|x64.ActiveCfg = Debug|Any CPU
		{208F0D95-FB6B-4247-BC44-BDB22B3A8019}.Debug|x64.Build.0 = Debug|Any CPU
		{208F0D95-FB6B-4247-BC44-BDB22B3A8019}.Debug|x86.ActiveCfg = Debug|Any CPU
		{208F0D95-FB6B-4247-BC44-BDB22B3A8019}.Debug|x86.Build.0 = Debug|Any CPU
		{208F0D95-FB6B-4247-BC44-BDB22B3A8019}.Release|Any CPU.ActiveCfg = Release|Any CPU
		{208F0D95-FB6B-4247-BC44-BDB22B3A8019}.Release|Any CPU.Build.0 = Release|Any CPU
		{208F0D95-FB6B-4247-BC44-BDB22B3A8019}.Release|x64.ActiveCfg = Release|Any CPU
		{208F0D95-FB6B-4247-BC44-BDB22B3A8019}.Release|x64.Build.0 = Release|Any CPU
		{208F0D95-FB6B-4247-BC44-BDB22B3A8019}.Release|x86.ActiveCfg = Release|Any CPU
		{208F0D95-FB6B-4247-BC44-BDB22B3A8019}.Release|x86.Build.0 = Release|Any CPU
		{46DE4B01-4AB3-434A-8BB3-9C6113887D96}.Debug|Any CPU.ActiveCfg = Debug|Any CPU
		{46DE4B01-4AB3-434A-8BB3-9C6113887D96}.Debug|Any CPU.Build.0 = Debug|Any CPU
		{46DE4B01-4AB3-434A-8BB3-9C6113887D96}.Debug|x64.ActiveCfg = Debug|Any CPU
		{46DE4B01-4AB3-434A-8BB3-9C6113887D96}.Debug|x64.Build.0 = Debug|Any CPU
		{46DE4B01-4AB3-434A-8BB3-9C6113887D96}.Debug|x86.ActiveCfg = Debug|Any CPU
		{46DE4B01-4AB3-434A-8BB3-9C6113887D96}.Debug|x86.Build.0 = Debug|Any CPU
		{46DE4B01-4AB3-434A-8BB3-9C6113887D96}.Release|Any CPU.ActiveCfg = Release|Any CPU
		{46DE4B01-4AB3-434A-8BB3-9C6113887D96}.Release|Any CPU.Build.0 = Release|Any CPU
		{46DE4B01-4AB3-434A-8BB3-9C6113887D96}.Release|x64.ActiveCfg = Release|Any CPU
		{46DE4B01-4AB3-434A-8BB3-9C6113887D96}.Release|x64.Build.0 = Release|Any CPU
		{46DE4B01-4AB3-434A-8BB3-9C6113887D96}.Release|x86.ActiveCfg = Release|Any CPU
		{46DE4B01-4AB3-434A-8BB3-9C6113887D96}.Release|x86.Build.0 = Release|Any CPU
		{8300B1FB-15D3-41A9-9CDC-960B4F52AF03}.Debug|Any CPU.ActiveCfg = Debug|Any CPU
		{8300B1FB-15D3-41A9-9CDC-960B4F52AF03}.Debug|Any CPU.Build.0 = Debug|Any CPU
		{8300B1FB-15D3-41A9-9CDC-960B4F52AF03}.Debug|x64.ActiveCfg = Debug|Any CPU
		{8300B1FB-15D3-41A9-9CDC-960B4F52AF03}.Debug|x64.Build.0 = Debug|Any CPU
		{8300B1FB-15D3-41A9-9CDC-960B4F52AF03}.Debug|x86.ActiveCfg = Debug|Any CPU
		{8300B1FB-15D3-41A9-9CDC-960B4F52AF03}.Debug|x86.Build.0 = Debug|Any CPU
		{8300B1FB-15D3-41A9-9CDC-960B4F52AF03}.Release|Any CPU.ActiveCfg = Release|Any CPU
		{8300B1FB-15D3-41A9-9CDC-960B4F52AF03}.Release|Any CPU.Build.0 = Release|Any CPU
		{8300B1FB-15D3-41A9-9CDC-960B4F52AF03}.Release|x64.ActiveCfg = Release|Any CPU
		{8300B1FB-15D3-41A9-9CDC-960B4F52AF03}.Release|x64.Build.0 = Release|Any CPU
		{8300B1FB-15D3-41A9-9CDC-960B4F52AF03}.Release|x86.ActiveCfg = Release|Any CPU
		{8300B1FB-15D3-41A9-9CDC-960B4F52AF03}.Release|x86.Build.0 = Release|Any CPU
		{E5BE5076-41F3-4926-AFB3-A890A7B2652B}.Debug|Any CPU.ActiveCfg = Debug|Any CPU
		{E5BE5076-41F3-4926-AFB3-A890A7B2652B}.Debug|Any CPU.Build.0 = Debug|Any CPU
		{E5BE5076-41F3-4926-AFB3-A890A7B2652B}.Debug|x64.ActiveCfg = Debug|Any CPU
		{E5BE5076-41F3-4926-AFB3-A890A7B2652B}.Debug|x64.Build.0 = Debug|Any CPU
		{E5BE5076-41F3-4926-AFB3-A890A7B2652B}.Debug|x86.ActiveCfg = Debug|Any CPU
		{E5BE5076-41F3-4926-AFB3-A890A7B2652B}.Debug|x86.Build.0 = Debug|Any CPU
		{E5BE5076-41F3-4926-AFB3-A890A7B2652B}.Release|Any CPU.ActiveCfg = Release|Any CPU
		{E5BE5076-41F3-4926-AFB3-A890A7B2652B}.Release|Any CPU.Build.0 = Release|Any CPU
		{E5BE5076-41F3-4926-AFB3-A890A7B2652B}.Release|x64.ActiveCfg = Release|Any CPU
		{E5BE5076-41F3-4926-AFB3-A890A7B2652B}.Release|x64.Build.0 = Release|Any CPU
		{E5BE5076-41F3-4926-AFB3-A890A7B2652B}.Release|x86.ActiveCfg = Release|Any CPU
		{E5BE5076-41F3-4926-AFB3-A890A7B2652B}.Release|x86.Build.0 = Release|Any CPU
		{F898F903-7790-4FBD-B8B7-F90DBB104721}.Debug|Any CPU.ActiveCfg = Debug|Any CPU
		{F898F903-7790-4FBD-B8B7-F90DBB104721}.Debug|Any CPU.Build.0 = Debug|Any CPU
		{F898F903-7790-4FBD-B8B7-F90DBB104721}.Debug|x64.ActiveCfg = Debug|Any CPU
		{F898F903-7790-4FBD-B8B7-F90DBB104721}.Debug|x64.Build.0 = Debug|Any CPU
		{F898F903-7790-4FBD-B8B7-F90DBB104721}.Debug|x86.ActiveCfg = Debug|Any CPU
		{F898F903-7790-4FBD-B8B7-F90DBB104721}.Debug|x86.Build.0 = Debug|Any CPU
		{F898F903-7790-4FBD-B8B7-F90DBB104721}.Release|Any CPU.ActiveCfg = Release|Any CPU
		{F898F903-7790-4FBD-B8B7-F90DBB104721}.Release|Any CPU.Build.0 = Release|Any CPU
		{F898F903-7790-4FBD-B8B7-F90DBB104721}.Release|x64.ActiveCfg = Release|Any CPU
		{F898F903-7790-4FBD-B8B7-F90DBB104721}.Release|x64.Build.0 = Release|Any CPU
		{F898F903-7790-4FBD-B8B7-F90DBB104721}.Release|x86.ActiveCfg = Release|Any CPU
		{F898F903-7790-4FBD-B8B7-F90DBB104721}.Release|x86.Build.0 = Release|Any CPU
		{DC6927D0-F9D6-4635-9111-A71C17D2626D}.Debug|Any CPU.ActiveCfg = Debug|Any CPU
		{DC6927D0-F9D6-4635-9111-A71C17D2626D}.Debug|Any CPU.Build.0 = Debug|Any CPU
		{DC6927D0-F9D6-4635-9111-A71C17D2626D}.Debug|x64.ActiveCfg = Debug|Any CPU
		{DC6927D0-F9D6-4635-9111-A71C17D2626D}.Debug|x64.Build.0 = Debug|Any CPU
		{DC6927D0-F9D6-4635-9111-A71C17D2626D}.Debug|x86.ActiveCfg = Debug|Any CPU
		{DC6927D0-F9D6-4635-9111-A71C17D2626D}.Debug|x86.Build.0 = Debug|Any CPU
		{DC6927D0-F9D6-4635-9111-A71C17D2626D}.Release|Any CPU.ActiveCfg = Release|Any CPU
		{DC6927D0-F9D6-4635-9111-A71C17D2626D}.Release|Any CPU.Build.0 = Release|Any CPU
		{DC6927D0-F9D6-4635-9111-A71C17D2626D}.Release|x64.ActiveCfg = Release|Any CPU
		{DC6927D0-F9D6-4635-9111-A71C17D2626D}.Release|x64.Build.0 = Release|Any CPU
		{DC6927D0-F9D6-4635-9111-A71C17D2626D}.Release|x86.ActiveCfg = Release|Any CPU
		{DC6927D0-F9D6-4635-9111-A71C17D2626D}.Release|x86.Build.0 = Release|Any CPU
		{2B397484-6916-470D-A6B6-7C6F4DE586BF}.Debug|Any CPU.ActiveCfg = Debug|Any CPU
		{2B397484-6916-470D-A6B6-7C6F4DE586BF}.Debug|Any CPU.Build.0 = Debug|Any CPU
		{2B397484-6916-470D-A6B6-7C6F4DE586BF}.Debug|x64.ActiveCfg = Debug|Any CPU
		{2B397484-6916-470D-A6B6-7C6F4DE586BF}.Debug|x64.Build.0 = Debug|Any CPU
		{2B397484-6916-470D-A6B6-7C6F4DE586BF}.Debug|x86.ActiveCfg = Debug|Any CPU
		{2B397484-6916-470D-A6B6-7C6F4DE586BF}.Debug|x86.Build.0 = Debug|Any CPU
		{2B397484-6916-470D-A6B6-7C6F4DE586BF}.Release|Any CPU.ActiveCfg = Release|Any CPU
		{2B397484-6916-470D-A6B6-7C6F4DE586BF}.Release|Any CPU.Build.0 = Release|Any CPU
		{2B397484-6916-470D-A6B6-7C6F4DE586BF}.Release|x64.ActiveCfg = Release|Any CPU
		{2B397484-6916-470D-A6B6-7C6F4DE586BF}.Release|x64.Build.0 = Release|Any CPU
		{2B397484-6916-470D-A6B6-7C6F4DE586BF}.Release|x86.ActiveCfg = Release|Any CPU
		{2B397484-6916-470D-A6B6-7C6F4DE586BF}.Release|x86.Build.0 = Release|Any CPU
		{315C6948-1687-4C56-B799-E174172048E8}.Debug|Any CPU.ActiveCfg = Debug|Any CPU
		{315C6948-1687-4C56-B799-E174172048E8}.Debug|Any CPU.Build.0 = Debug|Any CPU
		{315C6948-1687-4C56-B799-E174172048E8}.Debug|x64.ActiveCfg = Debug|Any CPU
		{315C6948-1687-4C56-B799-E174172048E8}.Debug|x64.Build.0 = Debug|Any CPU
		{315C6948-1687-4C56-B799-E174172048E8}.Debug|x86.ActiveCfg = Debug|Any CPU
		{315C6948-1687-4C56-B799-E174172048E8}.Debug|x86.Build.0 = Debug|Any CPU
		{315C6948-1687-4C56-B799-E174172048E8}.Release|Any CPU.ActiveCfg = Release|Any CPU
		{315C6948-1687-4C56-B799-E174172048E8}.Release|Any CPU.Build.0 = Release|Any CPU
		{315C6948-1687-4C56-B799-E174172048E8}.Release|x64.ActiveCfg = Release|Any CPU
		{315C6948-1687-4C56-B799-E174172048E8}.Release|x64.Build.0 = Release|Any CPU
		{315C6948-1687-4C56-B799-E174172048E8}.Release|x86.ActiveCfg = Release|Any CPU
		{315C6948-1687-4C56-B799-E174172048E8}.Release|x86.Build.0 = Release|Any CPU
		{967CD7E8-B14A-410A-B4DA-606683D2AD09}.Debug|Any CPU.ActiveCfg = Debug|Any CPU
		{967CD7E8-B14A-410A-B4DA-606683D2AD09}.Debug|Any CPU.Build.0 = Debug|Any CPU
		{967CD7E8-B14A-410A-B4DA-606683D2AD09}.Debug|x64.ActiveCfg = Debug|Any CPU
		{967CD7E8-B14A-410A-B4DA-606683D2AD09}.Debug|x64.Build.0 = Debug|Any CPU
		{967CD7E8-B14A-410A-B4DA-606683D2AD09}.Debug|x86.ActiveCfg = Debug|Any CPU
		{967CD7E8-B14A-410A-B4DA-606683D2AD09}.Debug|x86.Build.0 = Debug|Any CPU
		{967CD7E8-B14A-410A-B4DA-606683D2AD09}.Release|Any CPU.ActiveCfg = Release|Any CPU
		{967CD7E8-B14A-410A-B4DA-606683D2AD09}.Release|Any CPU.Build.0 = Release|Any CPU
		{967CD7E8-B14A-410A-B4DA-606683D2AD09}.Release|x64.ActiveCfg = Release|Any CPU
		{967CD7E8-B14A-410A-B4DA-606683D2AD09}.Release|x64.Build.0 = Release|Any CPU
		{967CD7E8-B14A-410A-B4DA-606683D2AD09}.Release|x86.ActiveCfg = Release|Any CPU
		{967CD7E8-B14A-410A-B4DA-606683D2AD09}.Release|x86.Build.0 = Release|Any CPU
		{BA229E43-641C-49D8-8CC8-54307ED75198}.Debug|Any CPU.ActiveCfg = Debug|Any CPU
		{BA229E43-641C-49D8-8CC8-54307ED75198}.Debug|Any CPU.Build.0 = Debug|Any CPU
		{BA229E43-641C-49D8-8CC8-54307ED75198}.Debug|x64.ActiveCfg = Debug|Any CPU
		{BA229E43-641C-49D8-8CC8-54307ED75198}.Debug|x64.Build.0 = Debug|Any CPU
		{BA229E43-641C-49D8-8CC8-54307ED75198}.Debug|x86.ActiveCfg = Debug|Any CPU
		{BA229E43-641C-49D8-8CC8-54307ED75198}.Debug|x86.Build.0 = Debug|Any CPU
		{BA229E43-641C-49D8-8CC8-54307ED75198}.Release|Any CPU.ActiveCfg = Release|Any CPU
		{BA229E43-641C-49D8-8CC8-54307ED75198}.Release|Any CPU.Build.0 = Release|Any CPU
		{BA229E43-641C-49D8-8CC8-54307ED75198}.Release|x64.ActiveCfg = Release|Any CPU
		{BA229E43-641C-49D8-8CC8-54307ED75198}.Release|x64.Build.0 = Release|Any CPU
		{BA229E43-641C-49D8-8CC8-54307ED75198}.Release|x86.ActiveCfg = Release|Any CPU
		{BA229E43-641C-49D8-8CC8-54307ED75198}.Release|x86.Build.0 = Release|Any CPU
	EndGlobalSection
	GlobalSection(SolutionProperties) = preSolution
		HideSolutionNode = FALSE
	EndGlobalSection
	GlobalSection(NestedProjects) = preSolution
		{525B32F9-7355-4D31-8050-A98DAE49F198} = {80359CC7-A40A-4139-8655-11FB5FCE0939}
		{427F68DB-88F5-4F66-BA6F-FE3712093884} = {0351B039-4A5E-49BD-8158-5D1AE7ABE97A}
		{DB801372-A7A1-43F2-B374-4C7E61623A73} = {77B4C1DC-9D42-4EB5-9786-2525DF436845}
		{10E3E459-3554-455E-A1CB-A81646834342} = {0351B039-4A5E-49BD-8158-5D1AE7ABE97A}
		{49D0EB4C-C8BC-461E-8CCF-D0B7C66C4898} = {0351B039-4A5E-49BD-8158-5D1AE7ABE97A}
		{3B729129-7FAF-4480-AC28-3C9757128032} = {0351B039-4A5E-49BD-8158-5D1AE7ABE97A}
		{DBD3422E-02B1-4CC3-9631-71191ACE1F48} = {87415989-F4A5-4B0D-916A-2D5CE89FEA04}
		{1E5B3A28-CDBF-4216-9B40-A9B3CA31F14A} = {87415989-F4A5-4B0D-916A-2D5CE89FEA04}
		{AA9DBC34-EF26-4991-8C51-3D33B8740E6C} = {427F68DB-88F5-4F66-BA6F-FE3712093884}
		{C9840250-2BDE-4E6E-A629-6A6539A2E32E} = {3B729129-7FAF-4480-AC28-3C9757128032}
		{89A905B0-D130-4EE8-B2D3-FDC76ADCE6BA} = {49D0EB4C-C8BC-461E-8CCF-D0B7C66C4898}
		{208F0D95-FB6B-4247-BC44-BDB22B3A8019} = {10E3E459-3554-455E-A1CB-A81646834342}
		{E2BE277C-AA6B-4492-BB46-81E1BB0185CB} = {0351B039-4A5E-49BD-8158-5D1AE7ABE97A}
		{E8048848-2F66-4D76-8B6D-08249DC7A386} = {77B4C1DC-9D42-4EB5-9786-2525DF436845}
		{DFFD6F7D-450D-4FC5-B227-F7048731DECD} = {77B4C1DC-9D42-4EB5-9786-2525DF436845}
		{77A92AC5-234A-4076-B75D-66EC2E6E8020} = {77B4C1DC-9D42-4EB5-9786-2525DF436845}
		{E7E34C83-FE4D-42EF-8422-859DBA666103} = {B1128906-8BB0-47B9-9FA0-2D1929CDAA20}
		{46DE4B01-4AB3-434A-8BB3-9C6113887D96} = {E2BE277C-AA6B-4492-BB46-81E1BB0185CB}
		{8300B1FB-15D3-41A9-9CDC-960B4F52AF03} = {77A92AC5-234A-4076-B75D-66EC2E6E8020}
		{E5BE5076-41F3-4926-AFB3-A890A7B2652B} = {DFFD6F7D-450D-4FC5-B227-F7048731DECD}
		{F898F903-7790-4FBD-B8B7-F90DBB104721} = {E8048848-2F66-4D76-8B6D-08249DC7A386}
		{DC6927D0-F9D6-4635-9111-A71C17D2626D} = {DB801372-A7A1-43F2-B374-4C7E61623A73}
		{2B397484-6916-470D-A6B6-7C6F4DE586BF} = {DBD3422E-02B1-4CC3-9631-71191ACE1F48}
		{315C6948-1687-4C56-B799-E174172048E8} = {DBD3422E-02B1-4CC3-9631-71191ACE1F48}
		{967CD7E8-B14A-410A-B4DA-606683D2AD09} = {1E5B3A28-CDBF-4216-9B40-A9B3CA31F14A}
		{BA229E43-641C-49D8-8CC8-54307ED75198} = {1E5B3A28-CDBF-4216-9B40-A9B3CA31F14A}
	EndGlobalSection
	GlobalSection(ExtensibilityGlobals) = postSolution
		SolutionGuid = {936B4655-9F91-47FD-AB88-65C8FE81D1DA}
	EndGlobalSection
EndGlobal
