
Microsoft Visual Studio Solution File, Format Version 12.00
# Visual Studio Version 16
VisualStudioVersion = 16.0.30320.27
MinimumVisualStudioVersion = 15.0.26124.0
Project("{9A19103F-16F7-4668-BE54-9A1E7A4F7556}") = "rcManagerApi", "Presentation\rcManagerApi\rcManagerApi.csproj", "{F3E63FD8-31DF-409C-8D7E-488600B94980}"
EndProject
Project("{9A19103F-16F7-4668-BE54-9A1E7A4F7556}") = "rcManagerServices", "Application\rcManagerServices\rcManagerServices.csproj", "{6F103E88-F50A-4BC8-B044-90A50ED8367A}"
EndProject
Project("{2150E333-8FDC-42A3-9474-1A3956D46DE8}") = "Presentation", "Presentation", "{B1128906-8BB0-47B9-9FA0-2D1929CDAA20}"
EndProject
Project("{2150E333-8FDC-42A3-9474-1A3956D46DE8}") = "Application", "Application", "{0351B039-4A5E-49BD-8158-5D1AE7ABE97A}"
EndProject
Project("{2150E333-8FDC-42A3-9474-1A3956D46DE8}") = "Domain", "Domain", "{77B4C1DC-9D42-4EB5-9786-2525DF436845}"
EndProject
Project("{2150E333-8FDC-42A3-9474-1A3956D46DE8}") = "Infra", "Infra", "{87415989-F4A5-4B0D-916A-2D5CE89FEA04}"
EndProject
Project("{9A19103F-16F7-4668-BE54-9A1E7A4F7556}") = "rcManagerTransfers", "Application\rcManagerTransfers\rcManagerTransfers.csproj", "{51C4251B-7A64-42EC-9DDC-B90EDD9AFFC5}"
EndProject
Project("{9A19103F-16F7-4668-BE54-9A1E7A4F7556}") = "rcManagerDatas", "Application\rcManagerDatas\rcManagerDatas.csproj", "{F710CB44-D0E2-4214-86D5-C81A86463409}"
EndProject
Project("{9A19103F-16F7-4668-BE54-9A1E7A4F7556}") = "rcManagerEntities", "Domain\rcManagerEntities\rcManagerEntities.csproj", "{D1EBC6B0-3670-4069-9AB3-23C2C4348016}"
EndProject
Project("{9A19103F-16F7-4668-BE54-9A1E7A4F7556}") = "rcManagerBusiness", "Domain\rcManagerBusiness\rcManagerBusiness.csproj", "{520D9E05-5830-4830-8A43-E5E788374C10}"
EndProject
Project("{9A19103F-16F7-4668-BE54-9A1E7A4F7556}") = "rcManagerModels", "Domain\rcManagerModels\rcManagerModels.csproj", "{9AB947B5-15BD-441F-A58D-93908052B8B9}"
EndProject
Project("{9A19103F-16F7-4668-BE54-9A1E7A4F7556}") = "rcManagerDatabase", "Infra\rcManagerDatabase\rcManagerDatabase.csproj", "{E8092EF3-9A12-4F34-94B0-B0FD74170F71}"
EndProject
Project("{9A19103F-16F7-4668-BE54-9A1E7A4F7556}") = "rcManagerCrypto", "Infra\rcManagerCrypto\rcManagerCrypto.csproj", "{19ED8470-FE5C-4BF5-BA46-6BC109ECB7D6}"
EndProject
Project("{9A19103F-16F7-4668-BE54-9A1E7A4F7556}") = "rcManagerUtils", "Infra\rcManagerUtils\rcManagerUtils.csproj", "{ED07268F-B4A7-4A3F-BC44-1038697B01C6}"
EndProject
Project("{2150E333-8FDC-42A3-9474-1A3956D46DE8}") = "Tests", "Tests", "{80359CC7-A40A-4139-8655-11FB5FCE0939}"
EndProject
Project("{9A19103F-16F7-4668-BE54-9A1E7A4F7556}") = "rcManagerMigrations", "Infra\rcManagerMigrations\rcManagerMigrations.csproj", "{32F9957D-F2EB-4106-B048-50BD8BE6E35B}"
EndProject
Global
	GlobalSection(SolutionConfigurationPlatforms) = preSolution
		Debug|Any CPU = Debug|Any CPU
		Debug|x64 = Debug|x64
		Debug|x86 = Debug|x86
		Release|Any CPU = Release|Any CPU
		Release|x64 = Release|x64
		Release|x86 = Release|x86
	EndGlobalSection
	GlobalSection(ProjectConfigurationPlatforms) = postSolution
		{F3E63FD8-31DF-409C-8D7E-488600B94980}.Debug|Any CPU.ActiveCfg = Debug|Any CPU
		{F3E63FD8-31DF-409C-8D7E-488600B94980}.Debug|Any CPU.Build.0 = Debug|Any CPU
		{F3E63FD8-31DF-409C-8D7E-488600B94980}.Debug|x64.ActiveCfg = Debug|Any CPU
		{F3E63FD8-31DF-409C-8D7E-488600B94980}.Debug|x64.Build.0 = Debug|Any CPU
		{F3E63FD8-31DF-409C-8D7E-488600B94980}.Debug|x86.ActiveCfg = Debug|Any CPU
		{F3E63FD8-31DF-409C-8D7E-488600B94980}.Debug|x86.Build.0 = Debug|Any CPU
		{F3E63FD8-31DF-409C-8D7E-488600B94980}.Release|Any CPU.ActiveCfg = Release|Any CPU
		{F3E63FD8-31DF-409C-8D7E-488600B94980}.Release|Any CPU.Build.0 = Release|Any CPU
		{F3E63FD8-31DF-409C-8D7E-488600B94980}.Release|x64.ActiveCfg = Release|Any CPU
		{F3E63FD8-31DF-409C-8D7E-488600B94980}.Release|x64.Build.0 = Release|Any CPU
		{F3E63FD8-31DF-409C-8D7E-488600B94980}.Release|x86.ActiveCfg = Release|Any CPU
		{F3E63FD8-31DF-409C-8D7E-488600B94980}.Release|x86.Build.0 = Release|Any CPU
		{6F103E88-F50A-4BC8-B044-90A50ED8367A}.Debug|Any CPU.ActiveCfg = Debug|Any CPU
		{6F103E88-F50A-4BC8-B044-90A50ED8367A}.Debug|Any CPU.Build.0 = Debug|Any CPU
		{6F103E88-F50A-4BC8-B044-90A50ED8367A}.Debug|x64.ActiveCfg = Debug|Any CPU
		{6F103E88-F50A-4BC8-B044-90A50ED8367A}.Debug|x64.Build.0 = Debug|Any CPU
		{6F103E88-F50A-4BC8-B044-90A50ED8367A}.Debug|x86.ActiveCfg = Debug|Any CPU
		{6F103E88-F50A-4BC8-B044-90A50ED8367A}.Debug|x86.Build.0 = Debug|Any CPU
		{6F103E88-F50A-4BC8-B044-90A50ED8367A}.Release|Any CPU.ActiveCfg = Release|Any CPU
		{6F103E88-F50A-4BC8-B044-90A50ED8367A}.Release|Any CPU.Build.0 = Release|Any CPU
		{6F103E88-F50A-4BC8-B044-90A50ED8367A}.Release|x64.ActiveCfg = Release|Any CPU
		{6F103E88-F50A-4BC8-B044-90A50ED8367A}.Release|x64.Build.0 = Release|Any CPU
		{6F103E88-F50A-4BC8-B044-90A50ED8367A}.Release|x86.ActiveCfg = Release|Any CPU
		{6F103E88-F50A-4BC8-B044-90A50ED8367A}.Release|x86.Build.0 = Release|Any CPU
		{51C4251B-7A64-42EC-9DDC-B90EDD9AFFC5}.Debug|Any CPU.ActiveCfg = Debug|Any CPU
		{51C4251B-7A64-42EC-9DDC-B90EDD9AFFC5}.Debug|Any CPU.Build.0 = Debug|Any CPU
		{51C4251B-7A64-42EC-9DDC-B90EDD9AFFC5}.Debug|x64.ActiveCfg = Debug|Any CPU
		{51C4251B-7A64-42EC-9DDC-B90EDD9AFFC5}.Debug|x64.Build.0 = Debug|Any CPU
		{51C4251B-7A64-42EC-9DDC-B90EDD9AFFC5}.Debug|x86.ActiveCfg = Debug|Any CPU
		{51C4251B-7A64-42EC-9DDC-B90EDD9AFFC5}.Debug|x86.Build.0 = Debug|Any CPU
		{51C4251B-7A64-42EC-9DDC-B90EDD9AFFC5}.Release|Any CPU.ActiveCfg = Release|Any CPU
		{51C4251B-7A64-42EC-9DDC-B90EDD9AFFC5}.Release|Any CPU.Build.0 = Release|Any CPU
		{51C4251B-7A64-42EC-9DDC-B90EDD9AFFC5}.Release|x64.ActiveCfg = Release|Any CPU
		{51C4251B-7A64-42EC-9DDC-B90EDD9AFFC5}.Release|x64.Build.0 = Release|Any CPU
		{51C4251B-7A64-42EC-9DDC-B90EDD9AFFC5}.Release|x86.ActiveCfg = Release|Any CPU
		{51C4251B-7A64-42EC-9DDC-B90EDD9AFFC5}.Release|x86.Build.0 = Release|Any CPU
		{F710CB44-D0E2-4214-86D5-C81A86463409}.Debug|Any CPU.ActiveCfg = Debug|Any CPU
		{F710CB44-D0E2-4214-86D5-C81A86463409}.Debug|Any CPU.Build.0 = Debug|Any CPU
		{F710CB44-D0E2-4214-86D5-C81A86463409}.Debug|x64.ActiveCfg = Debug|Any CPU
		{F710CB44-D0E2-4214-86D5-C81A86463409}.Debug|x64.Build.0 = Debug|Any CPU
		{F710CB44-D0E2-4214-86D5-C81A86463409}.Debug|x86.ActiveCfg = Debug|Any CPU
		{F710CB44-D0E2-4214-86D5-C81A86463409}.Debug|x86.Build.0 = Debug|Any CPU
		{F710CB44-D0E2-4214-86D5-C81A86463409}.Release|Any CPU.ActiveCfg = Release|Any CPU
		{F710CB44-D0E2-4214-86D5-C81A86463409}.Release|Any CPU.Build.0 = Release|Any CPU
		{F710CB44-D0E2-4214-86D5-C81A86463409}.Release|x64.ActiveCfg = Release|Any CPU
		{F710CB44-D0E2-4214-86D5-C81A86463409}.Release|x64.Build.0 = Release|Any CPU
		{F710CB44-D0E2-4214-86D5-C81A86463409}.Release|x86.ActiveCfg = Release|Any CPU
		{F710CB44-D0E2-4214-86D5-C81A86463409}.Release|x86.Build.0 = Release|Any CPU
		{D1EBC6B0-3670-4069-9AB3-23C2C4348016}.Debug|Any CPU.ActiveCfg = Debug|Any CPU
		{D1EBC6B0-3670-4069-9AB3-23C2C4348016}.Debug|Any CPU.Build.0 = Debug|Any CPU
		{D1EBC6B0-3670-4069-9AB3-23C2C4348016}.Debug|x64.ActiveCfg = Debug|Any CPU
		{D1EBC6B0-3670-4069-9AB3-23C2C4348016}.Debug|x64.Build.0 = Debug|Any CPU
		{D1EBC6B0-3670-4069-9AB3-23C2C4348016}.Debug|x86.ActiveCfg = Debug|Any CPU
		{D1EBC6B0-3670-4069-9AB3-23C2C4348016}.Debug|x86.Build.0 = Debug|Any CPU
		{D1EBC6B0-3670-4069-9AB3-23C2C4348016}.Release|Any CPU.ActiveCfg = Release|Any CPU
		{D1EBC6B0-3670-4069-9AB3-23C2C4348016}.Release|Any CPU.Build.0 = Release|Any CPU
		{D1EBC6B0-3670-4069-9AB3-23C2C4348016}.Release|x64.ActiveCfg = Release|Any CPU
		{D1EBC6B0-3670-4069-9AB3-23C2C4348016}.Release|x64.Build.0 = Release|Any CPU
		{D1EBC6B0-3670-4069-9AB3-23C2C4348016}.Release|x86.ActiveCfg = Release|Any CPU
		{D1EBC6B0-3670-4069-9AB3-23C2C4348016}.Release|x86.Build.0 = Release|Any CPU
		{520D9E05-5830-4830-8A43-E5E788374C10}.Debug|Any CPU.ActiveCfg = Debug|Any CPU
		{520D9E05-5830-4830-8A43-E5E788374C10}.Debug|Any CPU.Build.0 = Debug|Any CPU
		{520D9E05-5830-4830-8A43-E5E788374C10}.Debug|x64.ActiveCfg = Debug|Any CPU
		{520D9E05-5830-4830-8A43-E5E788374C10}.Debug|x64.Build.0 = Debug|Any CPU
		{520D9E05-5830-4830-8A43-E5E788374C10}.Debug|x86.ActiveCfg = Debug|Any CPU
		{520D9E05-5830-4830-8A43-E5E788374C10}.Debug|x86.Build.0 = Debug|Any CPU
		{520D9E05-5830-4830-8A43-E5E788374C10}.Release|Any CPU.ActiveCfg = Release|Any CPU
		{520D9E05-5830-4830-8A43-E5E788374C10}.Release|Any CPU.Build.0 = Release|Any CPU
		{520D9E05-5830-4830-8A43-E5E788374C10}.Release|x64.ActiveCfg = Release|Any CPU
		{520D9E05-5830-4830-8A43-E5E788374C10}.Release|x64.Build.0 = Release|Any CPU
		{520D9E05-5830-4830-8A43-E5E788374C10}.Release|x86.ActiveCfg = Release|Any CPU
		{520D9E05-5830-4830-8A43-E5E788374C10}.Release|x86.Build.0 = Release|Any CPU
		{9AB947B5-15BD-441F-A58D-93908052B8B9}.Debug|Any CPU.ActiveCfg = Debug|Any CPU
		{9AB947B5-15BD-441F-A58D-93908052B8B9}.Debug|Any CPU.Build.0 = Debug|Any CPU
		{9AB947B5-15BD-441F-A58D-93908052B8B9}.Debug|x64.ActiveCfg = Debug|Any CPU
		{9AB947B5-15BD-441F-A58D-93908052B8B9}.Debug|x64.Build.0 = Debug|Any CPU
		{9AB947B5-15BD-441F-A58D-93908052B8B9}.Debug|x86.ActiveCfg = Debug|Any CPU
		{9AB947B5-15BD-441F-A58D-93908052B8B9}.Debug|x86.Build.0 = Debug|Any CPU
		{9AB947B5-15BD-441F-A58D-93908052B8B9}.Release|Any CPU.ActiveCfg = Release|Any CPU
		{9AB947B5-15BD-441F-A58D-93908052B8B9}.Release|Any CPU.Build.0 = Release|Any CPU
		{9AB947B5-15BD-441F-A58D-93908052B8B9}.Release|x64.ActiveCfg = Release|Any CPU
		{9AB947B5-15BD-441F-A58D-93908052B8B9}.Release|x64.Build.0 = Release|Any CPU
		{9AB947B5-15BD-441F-A58D-93908052B8B9}.Release|x86.ActiveCfg = Release|Any CPU
		{9AB947B5-15BD-441F-A58D-93908052B8B9}.Release|x86.Build.0 = Release|Any CPU
		{E8092EF3-9A12-4F34-94B0-B0FD74170F71}.Debug|Any CPU.ActiveCfg = Debug|Any CPU
		{E8092EF3-9A12-4F34-94B0-B0FD74170F71}.Debug|Any CPU.Build.0 = Debug|Any CPU
		{E8092EF3-9A12-4F34-94B0-B0FD74170F71}.Debug|x64.ActiveCfg = Debug|Any CPU
		{E8092EF3-9A12-4F34-94B0-B0FD74170F71}.Debug|x64.Build.0 = Debug|Any CPU
		{E8092EF3-9A12-4F34-94B0-B0FD74170F71}.Debug|x86.ActiveCfg = Debug|Any CPU
		{E8092EF3-9A12-4F34-94B0-B0FD74170F71}.Debug|x86.Build.0 = Debug|Any CPU
		{E8092EF3-9A12-4F34-94B0-B0FD74170F71}.Release|Any CPU.ActiveCfg = Release|Any CPU
		{E8092EF3-9A12-4F34-94B0-B0FD74170F71}.Release|Any CPU.Build.0 = Release|Any CPU
		{E8092EF3-9A12-4F34-94B0-B0FD74170F71}.Release|x64.ActiveCfg = Release|Any CPU
		{E8092EF3-9A12-4F34-94B0-B0FD74170F71}.Release|x64.Build.0 = Release|Any CPU
		{E8092EF3-9A12-4F34-94B0-B0FD74170F71}.Release|x86.ActiveCfg = Release|Any CPU
		{E8092EF3-9A12-4F34-94B0-B0FD74170F71}.Release|x86.Build.0 = Release|Any CPU
		{19ED8470-FE5C-4BF5-BA46-6BC109ECB7D6}.Debug|Any CPU.ActiveCfg = Debug|Any CPU
		{19ED8470-FE5C-4BF5-BA46-6BC109ECB7D6}.Debug|Any CPU.Build.0 = Debug|Any CPU
		{19ED8470-FE5C-4BF5-BA46-6BC109ECB7D6}.Debug|x64.ActiveCfg = Debug|Any CPU
		{19ED8470-FE5C-4BF5-BA46-6BC109ECB7D6}.Debug|x64.Build.0 = Debug|Any CPU
		{19ED8470-FE5C-4BF5-BA46-6BC109ECB7D6}.Debug|x86.ActiveCfg = Debug|Any CPU
		{19ED8470-FE5C-4BF5-BA46-6BC109ECB7D6}.Debug|x86.Build.0 = Debug|Any CPU
		{19ED8470-FE5C-4BF5-BA46-6BC109ECB7D6}.Release|Any CPU.ActiveCfg = Release|Any CPU
		{19ED8470-FE5C-4BF5-BA46-6BC109ECB7D6}.Release|Any CPU.Build.0 = Release|Any CPU
		{19ED8470-FE5C-4BF5-BA46-6BC109ECB7D6}.Release|x64.ActiveCfg = Release|Any CPU
		{19ED8470-FE5C-4BF5-BA46-6BC109ECB7D6}.Release|x64.Build.0 = Release|Any CPU
		{19ED8470-FE5C-4BF5-BA46-6BC109ECB7D6}.Release|x86.ActiveCfg = Release|Any CPU
		{19ED8470-FE5C-4BF5-BA46-6BC109ECB7D6}.Release|x86.Build.0 = Release|Any CPU
		{ED07268F-B4A7-4A3F-BC44-1038697B01C6}.Debug|Any CPU.ActiveCfg = Debug|Any CPU
		{ED07268F-B4A7-4A3F-BC44-1038697B01C6}.Debug|Any CPU.Build.0 = Debug|Any CPU
		{ED07268F-B4A7-4A3F-BC44-1038697B01C6}.Debug|x64.ActiveCfg = Debug|Any CPU
		{ED07268F-B4A7-4A3F-BC44-1038697B01C6}.Debug|x64.Build.0 = Debug|Any CPU
		{ED07268F-B4A7-4A3F-BC44-1038697B01C6}.Debug|x86.ActiveCfg = Debug|Any CPU
		{ED07268F-B4A7-4A3F-BC44-1038697B01C6}.Debug|x86.Build.0 = Debug|Any CPU
		{ED07268F-B4A7-4A3F-BC44-1038697B01C6}.Release|Any CPU.ActiveCfg = Release|Any CPU
		{ED07268F-B4A7-4A3F-BC44-1038697B01C6}.Release|Any CPU.Build.0 = Release|Any CPU
		{ED07268F-B4A7-4A3F-BC44-1038697B01C6}.Release|x64.ActiveCfg = Release|Any CPU
		{ED07268F-B4A7-4A3F-BC44-1038697B01C6}.Release|x64.Build.0 = Release|Any CPU
		{ED07268F-B4A7-4A3F-BC44-1038697B01C6}.Release|x86.ActiveCfg = Release|Any CPU
		{ED07268F-B4A7-4A3F-BC44-1038697B01C6}.Release|x86.Build.0 = Release|Any CPU
		{32F9957D-F2EB-4106-B048-50BD8BE6E35B}.Debug|Any CPU.ActiveCfg = Debug|Any CPU
		{32F9957D-F2EB-4106-B048-50BD8BE6E35B}.Debug|Any CPU.Build.0 = Debug|Any CPU
		{32F9957D-F2EB-4106-B048-50BD8BE6E35B}.Debug|x64.ActiveCfg = Debug|Any CPU
		{32F9957D-F2EB-4106-B048-50BD8BE6E35B}.Debug|x64.Build.0 = Debug|Any CPU
		{32F9957D-F2EB-4106-B048-50BD8BE6E35B}.Debug|x86.ActiveCfg = Debug|Any CPU
		{32F9957D-F2EB-4106-B048-50BD8BE6E35B}.Debug|x86.Build.0 = Debug|Any CPU
		{32F9957D-F2EB-4106-B048-50BD8BE6E35B}.Release|Any CPU.ActiveCfg = Release|Any CPU
		{32F9957D-F2EB-4106-B048-50BD8BE6E35B}.Release|Any CPU.Build.0 = Release|Any CPU
		{32F9957D-F2EB-4106-B048-50BD8BE6E35B}.Release|x64.ActiveCfg = Release|Any CPU
		{32F9957D-F2EB-4106-B048-50BD8BE6E35B}.Release|x64.Build.0 = Release|Any CPU
		{32F9957D-F2EB-4106-B048-50BD8BE6E35B}.Release|x86.ActiveCfg = Release|Any CPU
		{32F9957D-F2EB-4106-B048-50BD8BE6E35B}.Release|x86.Build.0 = Release|Any CPU
	EndGlobalSection
	GlobalSection(SolutionProperties) = preSolution
		HideSolutionNode = FALSE
	EndGlobalSection
	GlobalSection(NestedProjects) = preSolution
		{F3E63FD8-31DF-409C-8D7E-488600B94980} = {B1128906-8BB0-47B9-9FA0-2D1929CDAA20}
		{6F103E88-F50A-4BC8-B044-90A50ED8367A} = {0351B039-4A5E-49BD-8158-5D1AE7ABE97A}
		{51C4251B-7A64-42EC-9DDC-B90EDD9AFFC5} = {0351B039-4A5E-49BD-8158-5D1AE7ABE97A}
		{F710CB44-D0E2-4214-86D5-C81A86463409} = {0351B039-4A5E-49BD-8158-5D1AE7ABE97A}
		{D1EBC6B0-3670-4069-9AB3-23C2C4348016} = {77B4C1DC-9D42-4EB5-9786-2525DF436845}
		{520D9E05-5830-4830-8A43-E5E788374C10} = {77B4C1DC-9D42-4EB5-9786-2525DF436845}
		{9AB947B5-15BD-441F-A58D-93908052B8B9} = {77B4C1DC-9D42-4EB5-9786-2525DF436845}
		{E8092EF3-9A12-4F34-94B0-B0FD74170F71} = {87415989-F4A5-4B0D-916A-2D5CE89FEA04}
		{19ED8470-FE5C-4BF5-BA46-6BC109ECB7D6} = {87415989-F4A5-4B0D-916A-2D5CE89FEA04}
		{ED07268F-B4A7-4A3F-BC44-1038697B01C6} = {87415989-F4A5-4B0D-916A-2D5CE89FEA04}
		{32F9957D-F2EB-4106-B048-50BD8BE6E35B} = {87415989-F4A5-4B0D-916A-2D5CE89FEA04}
	EndGlobalSection
	GlobalSection(ExtensibilityGlobals) = postSolution
		SolutionGuid = {936B4655-9F91-47FD-AB88-65C8FE81D1DA}
	EndGlobalSection
EndGlobal
